// !$*UTF8*$!
{
	archiveVersion = 1;
	classes = {
	};
	objectVersion = 55;
	objects = {

/* Begin PBXBuildFile section */
		BD7783AA2872EBB50023032D /* FenestramMessangerApp.swift in Sources */ = {isa = PBXBuildFile; fileRef = BD7783A92872EBB50023032D /* FenestramMessangerApp.swift */; };
		BD7783AE2872EBB70023032D /* Assets.xcassets in Resources */ = {isa = PBXBuildFile; fileRef = BD7783AD2872EBB70023032D /* Assets.xcassets */; };
		BD7783B12872EBB70023032D /* Preview Assets.xcassets in Resources */ = {isa = PBXBuildFile; fileRef = BD7783B02872EBB70023032D /* Preview Assets.xcassets */; };
		BDDB5ADF2872ECBC002BF418 /* MainView.swift in Sources */ = {isa = PBXBuildFile; fileRef = BDDB5ADE2872ECBC002BF418 /* MainView.swift */; };
		BDDB5AE12872ECE2002BF418 /* MainViewModel.swift in Sources */ = {isa = PBXBuildFile; fileRef = BDDB5AE02872ECE2002BF418 /* MainViewModel.swift */; };
		BDDB5AE42872ED73002BF418 /* AuthView.swift in Sources */ = {isa = PBXBuildFile; fileRef = BDDB5AE32872ED73002BF418 /* AuthView.swift */; };
		BDDB5AE62872ED85002BF418 /* AuthViewModel.swift in Sources */ = {isa = PBXBuildFile; fileRef = BDDB5AE52872ED85002BF418 /* AuthViewModel.swift */; };
		BDF2E2CF287F1B1200B7E182 /* AbstractRequestRouter.swift in Sources */ = {isa = PBXBuildFile; fileRef = BDF2E2BF287F1B1200B7E182 /* AbstractRequestRouter.swift */; };
		BDF2E2D0287F1B1200B7E182 /* AuthRequestRouter.swift in Sources */ = {isa = PBXBuildFile; fileRef = BDF2E2C0287F1B1200B7E182 /* AuthRequestRouter.swift */; };
		BDF2E2D1287F1B1200B7E182 /* ProfileRequestRouter.swift in Sources */ = {isa = PBXBuildFile; fileRef = BDF2E2C1287F1B1200B7E182 /* ProfileRequestRouter.swift */; };
		BDF2E2D2287F1B1200B7E182 /* AuthService.swift in Sources */ = {isa = PBXBuildFile; fileRef = BDF2E2C2287F1B1200B7E182 /* AuthService.swift */; };
		BDF2E2D3287F1B1200B7E182 /* AbstractRequestFactory.swift in Sources */ = {isa = PBXBuildFile; fileRef = BDF2E2C4287F1B1200B7E182 /* AbstractRequestFactory.swift */; };
		BDF2E2D4287F1B1200B7E182 /* RequestFactory.swift in Sources */ = {isa = PBXBuildFile; fileRef = BDF2E2C5287F1B1200B7E182 /* RequestFactory.swift */; };
		BDF2E2D5287F1B1200B7E182 /* AuthRequestFactory.swift in Sources */ = {isa = PBXBuildFile; fileRef = BDF2E2C6287F1B1200B7E182 /* AuthRequestFactory.swift */; };
		BDF2E2D6287F1B1200B7E182 /* UserEntity.swift in Sources */ = {isa = PBXBuildFile; fileRef = BDF2E2C8287F1B1200B7E182 /* UserEntity.swift */; };
		BDF2E2D7287F1B1200B7E182 /* Constants.swift in Sources */ = {isa = PBXBuildFile; fileRef = BDF2E2CA287F1B1200B7E182 /* Constants.swift */; };
		BDF2E2D8287F1B1200B7E182 /* KeychainPasswordItem.swift in Sources */ = {isa = PBXBuildFile; fileRef = BDF2E2CB287F1B1200B7E182 /* KeychainPasswordItem.swift */; };
		BDF2E2D9287F1B1200B7E182 /* Settings.swift in Sources */ = {isa = PBXBuildFile; fileRef = BDF2E2CC287F1B1200B7E182 /* Settings.swift */; };
		BDF2E2DA287F1B1200B7E182 /* AuthController.swift in Sources */ = {isa = PBXBuildFile; fileRef = BDF2E2CD287F1B1200B7E182 /* AuthController.swift */; };
		BDF2E2DB287F1B1200B7E182 /* NetworkError.swift in Sources */ = {isa = PBXBuildFile; fileRef = BDF2E2CE287F1B1200B7E182 /* NetworkError.swift */; };
		BDF2E2DD287F1C0600B7E182 /* ProfileRequestFactory.swift in Sources */ = {isa = PBXBuildFile; fileRef = BDF2E2DC287F1C0600B7E182 /* ProfileRequestFactory.swift */; };
		BDF2E2E0287F1C1C00B7E182 /* Alamofire in Frameworks */ = {isa = PBXBuildFile; productRef = BDF2E2DF287F1C1C00B7E182 /* Alamofire */; };
		BDF2E2E2287F1CC400B7E182 /* ProfileService.swift in Sources */ = {isa = PBXBuildFile; fileRef = BDF2E2E1287F1CC400B7E182 /* ProfileService.swift */; };
		BDF2E2E4287F207000B7E182 /* ChatRequestRouter.swift in Sources */ = {isa = PBXBuildFile; fileRef = BDF2E2E3287F207000B7E182 /* ChatRequestRouter.swift */; };
		BDF2E2E6287F217D00B7E182 /* ChatRequestFactory.swift in Sources */ = {isa = PBXBuildFile; fileRef = BDF2E2E5287F217D00B7E182 /* ChatRequestFactory.swift */; };
		BDF2E2E8287F225F00B7E182 /* ChatService.swift in Sources */ = {isa = PBXBuildFile; fileRef = BDF2E2E7287F225F00B7E182 /* ChatService.swift */; };
		BDF2E2EA287F26E300B7E182 /* ChatEntity.swift in Sources */ = {isa = PBXBuildFile; fileRef = BDF2E2E9287F26E300B7E182 /* ChatEntity.swift */; };
		BDF2E2ED287F286A00B7E182 /* Date+Extensions.swift in Sources */ = {isa = PBXBuildFile; fileRef = BDF2E2EC287F286A00B7E182 /* Date+Extensions.swift */; };
		BDF2E2EF287F29F800B7E182 /* MessageEntity.swift in Sources */ = {isa = PBXBuildFile; fileRef = BDF2E2EE287F29F800B7E182 /* MessageEntity.swift */; };
/* End PBXBuildFile section */

/* Begin PBXFileReference section */
		BD7783A62872EBB50023032D /* FenestramMessanger.app */ = {isa = PBXFileReference; explicitFileType = wrapper.application; includeInIndex = 0; path = FenestramMessanger.app; sourceTree = BUILT_PRODUCTS_DIR; };
		BD7783A92872EBB50023032D /* FenestramMessangerApp.swift */ = {isa = PBXFileReference; lastKnownFileType = sourcecode.swift; path = FenestramMessangerApp.swift; sourceTree = "<group>"; };
		BD7783AD2872EBB70023032D /* Assets.xcassets */ = {isa = PBXFileReference; lastKnownFileType = folder.assetcatalog; path = Assets.xcassets; sourceTree = "<group>"; };
		BD7783B02872EBB70023032D /* Preview Assets.xcassets */ = {isa = PBXFileReference; lastKnownFileType = folder.assetcatalog; path = "Preview Assets.xcassets"; sourceTree = "<group>"; };
		BDDB5ADE2872ECBC002BF418 /* MainView.swift */ = {isa = PBXFileReference; lastKnownFileType = sourcecode.swift; path = MainView.swift; sourceTree = "<group>"; };
		BDDB5AE02872ECE2002BF418 /* MainViewModel.swift */ = {isa = PBXFileReference; lastKnownFileType = sourcecode.swift; path = MainViewModel.swift; sourceTree = "<group>"; };
		BDDB5AE32872ED73002BF418 /* AuthView.swift */ = {isa = PBXFileReference; lastKnownFileType = sourcecode.swift; path = AuthView.swift; sourceTree = "<group>"; };
		BDDB5AE52872ED85002BF418 /* AuthViewModel.swift */ = {isa = PBXFileReference; lastKnownFileType = sourcecode.swift; path = AuthViewModel.swift; sourceTree = "<group>"; };
		BDF2E2BF287F1B1200B7E182 /* AbstractRequestRouter.swift */ = {isa = PBXFileReference; fileEncoding = 4; lastKnownFileType = sourcecode.swift; path = AbstractRequestRouter.swift; sourceTree = "<group>"; };
		BDF2E2C0287F1B1200B7E182 /* AuthRequestRouter.swift */ = {isa = PBXFileReference; fileEncoding = 4; lastKnownFileType = sourcecode.swift; path = AuthRequestRouter.swift; sourceTree = "<group>"; };
		BDF2E2C1287F1B1200B7E182 /* ProfileRequestRouter.swift */ = {isa = PBXFileReference; fileEncoding = 4; lastKnownFileType = sourcecode.swift; path = ProfileRequestRouter.swift; sourceTree = "<group>"; };
		BDF2E2C2287F1B1200B7E182 /* AuthService.swift */ = {isa = PBXFileReference; fileEncoding = 4; lastKnownFileType = sourcecode.swift; path = AuthService.swift; sourceTree = "<group>"; };
		BDF2E2C4287F1B1200B7E182 /* AbstractRequestFactory.swift */ = {isa = PBXFileReference; fileEncoding = 4; lastKnownFileType = sourcecode.swift; path = AbstractRequestFactory.swift; sourceTree = "<group>"; };
		BDF2E2C5287F1B1200B7E182 /* RequestFactory.swift */ = {isa = PBXFileReference; fileEncoding = 4; lastKnownFileType = sourcecode.swift; path = RequestFactory.swift; sourceTree = "<group>"; };
		BDF2E2C6287F1B1200B7E182 /* AuthRequestFactory.swift */ = {isa = PBXFileReference; fileEncoding = 4; lastKnownFileType = sourcecode.swift; path = AuthRequestFactory.swift; sourceTree = "<group>"; };
		BDF2E2C8287F1B1200B7E182 /* UserEntity.swift */ = {isa = PBXFileReference; fileEncoding = 4; lastKnownFileType = sourcecode.swift; path = UserEntity.swift; sourceTree = "<group>"; };
		BDF2E2CA287F1B1200B7E182 /* Constants.swift */ = {isa = PBXFileReference; fileEncoding = 4; lastKnownFileType = sourcecode.swift; path = Constants.swift; sourceTree = "<group>"; };
		BDF2E2CB287F1B1200B7E182 /* KeychainPasswordItem.swift */ = {isa = PBXFileReference; fileEncoding = 4; lastKnownFileType = sourcecode.swift; path = KeychainPasswordItem.swift; sourceTree = "<group>"; };
		BDF2E2CC287F1B1200B7E182 /* Settings.swift */ = {isa = PBXFileReference; fileEncoding = 4; lastKnownFileType = sourcecode.swift; path = Settings.swift; sourceTree = "<group>"; };
		BDF2E2CD287F1B1200B7E182 /* AuthController.swift */ = {isa = PBXFileReference; fileEncoding = 4; lastKnownFileType = sourcecode.swift; path = AuthController.swift; sourceTree = "<group>"; };
		BDF2E2CE287F1B1200B7E182 /* NetworkError.swift */ = {isa = PBXFileReference; fileEncoding = 4; lastKnownFileType = sourcecode.swift; path = NetworkError.swift; sourceTree = "<group>"; };
		BDF2E2DC287F1C0600B7E182 /* ProfileRequestFactory.swift */ = {isa = PBXFileReference; lastKnownFileType = sourcecode.swift; path = ProfileRequestFactory.swift; sourceTree = "<group>"; };
		BDF2E2E1287F1CC400B7E182 /* ProfileService.swift */ = {isa = PBXFileReference; lastKnownFileType = sourcecode.swift; path = ProfileService.swift; sourceTree = "<group>"; };
		BDF2E2E3287F207000B7E182 /* ChatRequestRouter.swift */ = {isa = PBXFileReference; lastKnownFileType = sourcecode.swift; path = ChatRequestRouter.swift; sourceTree = "<group>"; };
		BDF2E2E5287F217D00B7E182 /* ChatRequestFactory.swift */ = {isa = PBXFileReference; lastKnownFileType = sourcecode.swift; path = ChatRequestFactory.swift; sourceTree = "<group>"; };
		BDF2E2E7287F225F00B7E182 /* ChatService.swift */ = {isa = PBXFileReference; lastKnownFileType = sourcecode.swift; path = ChatService.swift; sourceTree = "<group>"; };
		BDF2E2E9287F26E300B7E182 /* ChatEntity.swift */ = {isa = PBXFileReference; lastKnownFileType = sourcecode.swift; path = ChatEntity.swift; sourceTree = "<group>"; };
		BDF2E2EC287F286A00B7E182 /* Date+Extensions.swift */ = {isa = PBXFileReference; lastKnownFileType = sourcecode.swift; path = "Date+Extensions.swift"; sourceTree = "<group>"; };
		BDF2E2EE287F29F800B7E182 /* MessageEntity.swift */ = {isa = PBXFileReference; lastKnownFileType = sourcecode.swift; path = MessageEntity.swift; sourceTree = "<group>"; };
/* End PBXFileReference section */

/* Begin PBXFrameworksBuildPhase section */
		BD7783A32872EBB50023032D /* Frameworks */ = {
			isa = PBXFrameworksBuildPhase;
			buildActionMask = 2147483647;
			files = (
				BDF2E2E0287F1C1C00B7E182 /* Alamofire in Frameworks */,
			);
			runOnlyForDeploymentPostprocessing = 0;
		};
/* End PBXFrameworksBuildPhase section */

/* Begin PBXGroup section */
		BD77839D2872EBB50023032D = {
			isa = PBXGroup;
			children = (
				BD7783A82872EBB50023032D /* FenestramMessanger */,
				BD7783A72872EBB50023032D /* Products */,
			);
			sourceTree = "<group>";
		};
		BD7783A72872EBB50023032D /* Products */ = {
			isa = PBXGroup;
			children = (
				BD7783A62872EBB50023032D /* FenestramMessanger.app */,
			);
			name = Products;
			sourceTree = "<group>";
		};
		BD7783A82872EBB50023032D /* FenestramMessanger */ = {
			isa = PBXGroup;
			children = (
				BDF2E2BC287F1B1200B7E182 /* Core */,
				BDDB5ADD2872ECAA002BF418 /* Modules */,
				BD7783A92872EBB50023032D /* FenestramMessangerApp.swift */,
				BD7783AD2872EBB70023032D /* Assets.xcassets */,
				BD7783AF2872EBB70023032D /* Preview Content */,
			);
			path = FenestramMessanger;
			sourceTree = "<group>";
		};
		BD7783AF2872EBB70023032D /* Preview Content */ = {
			isa = PBXGroup;
			children = (
				BD7783B02872EBB70023032D /* Preview Assets.xcassets */,
			);
			path = "Preview Content";
			sourceTree = "<group>";
		};
		BDDB5ADD2872ECAA002BF418 /* Modules */ = {
			isa = PBXGroup;
			children = (
				BDDB5AE72872EDCF002BF418 /* Main */,
				BDDB5AE22872ECEC002BF418 /* Auth */,
			);
			path = Modules;
			sourceTree = "<group>";
		};
		BDDB5AE22872ECEC002BF418 /* Auth */ = {
			isa = PBXGroup;
			children = (
				BDDB5AE32872ED73002BF418 /* AuthView.swift */,
				BDDB5AE52872ED85002BF418 /* AuthViewModel.swift */,
			);
			path = Auth;
			sourceTree = "<group>";
		};
		BDDB5AE72872EDCF002BF418 /* Main */ = {
			isa = PBXGroup;
			children = (
				BDDB5ADE2872ECBC002BF418 /* MainView.swift */,
				BDDB5AE02872ECE2002BF418 /* MainViewModel.swift */,
			);
			path = Main;
			sourceTree = "<group>";
		};
		BDF2E2BC287F1B1200B7E182 /* Core */ = {
			isa = PBXGroup;
			children = (
				BDF2E2EB287F285400B7E182 /* Extensions */,
				BDF2E2BD287F1B1200B7E182 /* Network */,
				BDF2E2C7287F1B1200B7E182 /* Models */,
				BDF2E2C9287F1B1200B7E182 /* Helpers */,
			);
			path = Core;
			sourceTree = "<group>";
		};
		BDF2E2BD287F1B1200B7E182 /* Network */ = {
			isa = PBXGroup;
			children = (
				BDF2E2BE287F1B1200B7E182 /* RequestRouter */,
				BDF2E2C3287F1B1200B7E182 /* Factory */,
				BDF2E2C2287F1B1200B7E182 /* AuthService.swift */,
				BDF2E2E1287F1CC400B7E182 /* ProfileService.swift */,
				BDF2E2E7287F225F00B7E182 /* ChatService.swift */,
			);
			path = Network;
			sourceTree = "<group>";
		};
		BDF2E2BE287F1B1200B7E182 /* RequestRouter */ = {
			isa = PBXGroup;
			children = (
				BDF2E2BF287F1B1200B7E182 /* AbstractRequestRouter.swift */,
				BDF2E2C0287F1B1200B7E182 /* AuthRequestRouter.swift */,
				BDF2E2C1287F1B1200B7E182 /* ProfileRequestRouter.swift */,
				BDF2E2E3287F207000B7E182 /* ChatRequestRouter.swift */,
			);
			path = RequestRouter;
			sourceTree = "<group>";
		};
		BDF2E2C3287F1B1200B7E182 /* Factory */ = {
			isa = PBXGroup;
			children = (
				BDF2E2C5287F1B1200B7E182 /* RequestFactory.swift */,
				BDF2E2C4287F1B1200B7E182 /* AbstractRequestFactory.swift */,
				BDF2E2C6287F1B1200B7E182 /* AuthRequestFactory.swift */,
				BDF2E2DC287F1C0600B7E182 /* ProfileRequestFactory.swift */,
				BDF2E2E5287F217D00B7E182 /* ChatRequestFactory.swift */,
			);
			path = Factory;
			sourceTree = "<group>";
		};
		BDF2E2C7287F1B1200B7E182 /* Models */ = {
			isa = PBXGroup;
			children = (
				BDF2E2C8287F1B1200B7E182 /* UserEntity.swift */,
				BDF2E2E9287F26E300B7E182 /* ChatEntity.swift */,
				BDF2E2EE287F29F800B7E182 /* MessageEntity.swift */,
			);
			path = Models;
			sourceTree = "<group>";
		};
		BDF2E2C9287F1B1200B7E182 /* Helpers */ = {
			isa = PBXGroup;
			children = (
				BDF2E2CA287F1B1200B7E182 /* Constants.swift */,
				BDF2E2CB287F1B1200B7E182 /* KeychainPasswordItem.swift */,
				BDF2E2CC287F1B1200B7E182 /* Settings.swift */,
				BDF2E2CD287F1B1200B7E182 /* AuthController.swift */,
				BDF2E2CE287F1B1200B7E182 /* NetworkError.swift */,
			);
			path = Helpers;
			sourceTree = "<group>";
		};
		BDF2E2EB287F285400B7E182 /* Extensions */ = {
			isa = PBXGroup;
			children = (
				BDF2E2EC287F286A00B7E182 /* Date+Extensions.swift */,
			);
			path = Extensions;
			sourceTree = "<group>";
		};
/* End PBXGroup section */

/* Begin PBXNativeTarget section */
		BD7783A52872EBB50023032D /* FenestramMessanger */ = {
			isa = PBXNativeTarget;
			buildConfigurationList = BD7783B42872EBB70023032D /* Build configuration list for PBXNativeTarget "FenestramMessanger" */;
			buildPhases = (
				BD7783A22872EBB50023032D /* Sources */,
				BD7783A32872EBB50023032D /* Frameworks */,
				BD7783A42872EBB50023032D /* Resources */,
			);
			buildRules = (
			);
			dependencies = (
			);
			name = FenestramMessanger;
			packageProductDependencies = (
				BDF2E2DF287F1C1C00B7E182 /* Alamofire */,
			);
			productName = FenestramMessanger;
			productReference = BD7783A62872EBB50023032D /* FenestramMessanger.app */;
			productType = "com.apple.product-type.application";
		};
/* End PBXNativeTarget section */

/* Begin PBXProject section */
		BD77839E2872EBB50023032D /* Project object */ = {
			isa = PBXProject;
			attributes = {
				BuildIndependentTargetsInParallel = 1;
				LastSwiftUpdateCheck = 1340;
				LastUpgradeCheck = 1340;
				ORGANIZATIONNAME = "";
				TargetAttributes = {
					BD7783A52872EBB50023032D = {
						CreatedOnToolsVersion = 13.4.1;
					};
				};
			};
			buildConfigurationList = BD7783A12872EBB50023032D /* Build configuration list for PBXProject "FenestramMessanger" */;
			compatibilityVersion = "Xcode 13.0";
			developmentRegion = en;
			hasScannedForEncodings = 0;
			knownRegions = (
				en,
				Base,
			);
			mainGroup = BD77839D2872EBB50023032D;
			packageReferences = (
				BDF2E2DE287F1C1C00B7E182 /* XCRemoteSwiftPackageReference "Alamofire" */,
			);
			productRefGroup = BD7783A72872EBB50023032D /* Products */;
			projectDirPath = "";
			projectRoot = "";
			targets = (
				BD7783A52872EBB50023032D /* FenestramMessanger */,
			);
		};
/* End PBXProject section */

/* Begin PBXResourcesBuildPhase section */
		BD7783A42872EBB50023032D /* Resources */ = {
			isa = PBXResourcesBuildPhase;
			buildActionMask = 2147483647;
			files = (
				BD7783B12872EBB70023032D /* Preview Assets.xcassets in Resources */,
				BD7783AE2872EBB70023032D /* Assets.xcassets in Resources */,
			);
			runOnlyForDeploymentPostprocessing = 0;
		};
/* End PBXResourcesBuildPhase section */

/* Begin PBXSourcesBuildPhase section */
		BD7783A22872EBB50023032D /* Sources */ = {
			isa = PBXSourcesBuildPhase;
			buildActionMask = 2147483647;
			files = (
				BDF2E2EA287F26E300B7E182 /* ChatEntity.swift in Sources */,
				BDF2E2D4287F1B1200B7E182 /* RequestFactory.swift in Sources */,
				BDF2E2D3287F1B1200B7E182 /* AbstractRequestFactory.swift in Sources */,
				BDF2E2E6287F217D00B7E182 /* ChatRequestFactory.swift in Sources */,
				BDF2E2D5287F1B1200B7E182 /* AuthRequestFactory.swift in Sources */,
				BDF2E2D1287F1B1200B7E182 /* ProfileRequestRouter.swift in Sources */,
				BDDB5AE62872ED85002BF418 /* AuthViewModel.swift in Sources */,
				BDF2E2DD287F1C0600B7E182 /* ProfileRequestFactory.swift in Sources */,
				BDF2E2D8287F1B1200B7E182 /* KeychainPasswordItem.swift in Sources */,
				BD7783AA2872EBB50023032D /* FenestramMessangerApp.swift in Sources */,
				BDF2E2D2287F1B1200B7E182 /* AuthService.swift in Sources */,
				BDF2E2E2287F1CC400B7E182 /* ProfileService.swift in Sources */,
				BDDB5ADF2872ECBC002BF418 /* MainView.swift in Sources */,
				BDF2E2D6287F1B1200B7E182 /* UserEntity.swift in Sources */,
				BDF2E2EF287F29F800B7E182 /* MessageEntity.swift in Sources */,
				BDF2E2D9287F1B1200B7E182 /* Settings.swift in Sources */,
				BDDB5AE42872ED73002BF418 /* AuthView.swift in Sources */,
				BDF2E2E4287F207000B7E182 /* ChatRequestRouter.swift in Sources */,
				BDF2E2E8287F225F00B7E182 /* ChatService.swift in Sources */,
				BDF2E2ED287F286A00B7E182 /* Date+Extensions.swift in Sources */,
				BDF2E2CF287F1B1200B7E182 /* AbstractRequestRouter.swift in Sources */,
				BDF2E2DA287F1B1200B7E182 /* AuthController.swift in Sources */,
				BDF2E2D7287F1B1200B7E182 /* Constants.swift in Sources */,
				BDF2E2DB287F1B1200B7E182 /* NetworkError.swift in Sources */,
				BDDB5AE12872ECE2002BF418 /* MainViewModel.swift in Sources */,
				BDF2E2D0287F1B1200B7E182 /* AuthRequestRouter.swift in Sources */,
			);
			runOnlyForDeploymentPostprocessing = 0;
		};
/* End PBXSourcesBuildPhase section */

/* Begin XCBuildConfiguration section */
		BD7783B22872EBB70023032D /* Debug */ = {
			isa = XCBuildConfiguration;
			buildSettings = {
				ALWAYS_SEARCH_USER_PATHS = NO;
				CLANG_ANALYZER_NONNULL = YES;
				CLANG_ANALYZER_NUMBER_OBJECT_CONVERSION = YES_AGGRESSIVE;
				CLANG_CXX_LANGUAGE_STANDARD = "gnu++17";
				CLANG_ENABLE_MODULES = YES;
				CLANG_ENABLE_OBJC_ARC = YES;
				CLANG_ENABLE_OBJC_WEAK = YES;
				CLANG_WARN_BLOCK_CAPTURE_AUTORELEASING = YES;
				CLANG_WARN_BOOL_CONVERSION = YES;
				CLANG_WARN_COMMA = YES;
				CLANG_WARN_CONSTANT_CONVERSION = YES;
				CLANG_WARN_DEPRECATED_OBJC_IMPLEMENTATIONS = YES;
				CLANG_WARN_DIRECT_OBJC_ISA_USAGE = YES_ERROR;
				CLANG_WARN_DOCUMENTATION_COMMENTS = YES;
				CLANG_WARN_EMPTY_BODY = YES;
				CLANG_WARN_ENUM_CONVERSION = YES;
				CLANG_WARN_INFINITE_RECURSION = YES;
				CLANG_WARN_INT_CONVERSION = YES;
				CLANG_WARN_NON_LITERAL_NULL_CONVERSION = YES;
				CLANG_WARN_OBJC_IMPLICIT_RETAIN_SELF = YES;
				CLANG_WARN_OBJC_LITERAL_CONVERSION = YES;
				CLANG_WARN_OBJC_ROOT_CLASS = YES_ERROR;
				CLANG_WARN_QUOTED_INCLUDE_IN_FRAMEWORK_HEADER = YES;
				CLANG_WARN_RANGE_LOOP_ANALYSIS = YES;
				CLANG_WARN_STRICT_PROTOTYPES = YES;
				CLANG_WARN_SUSPICIOUS_MOVE = YES;
				CLANG_WARN_UNGUARDED_AVAILABILITY = YES_AGGRESSIVE;
				CLANG_WARN_UNREACHABLE_CODE = YES;
				CLANG_WARN__DUPLICATE_METHOD_MATCH = YES;
				COPY_PHASE_STRIP = NO;
				DEBUG_INFORMATION_FORMAT = dwarf;
				ENABLE_STRICT_OBJC_MSGSEND = YES;
				ENABLE_TESTABILITY = YES;
				GCC_C_LANGUAGE_STANDARD = gnu11;
				GCC_DYNAMIC_NO_PIC = NO;
				GCC_NO_COMMON_BLOCKS = YES;
				GCC_OPTIMIZATION_LEVEL = 0;
				GCC_PREPROCESSOR_DEFINITIONS = (
					"DEBUG=1",
					"$(inherited)",
				);
				GCC_WARN_64_TO_32_BIT_CONVERSION = YES;
				GCC_WARN_ABOUT_RETURN_TYPE = YES_ERROR;
				GCC_WARN_UNDECLARED_SELECTOR = YES;
				GCC_WARN_UNINITIALIZED_AUTOS = YES_AGGRESSIVE;
				GCC_WARN_UNUSED_FUNCTION = YES;
				GCC_WARN_UNUSED_VARIABLE = YES;
				IPHONEOS_DEPLOYMENT_TARGET = 15.5;
				MTL_ENABLE_DEBUG_INFO = INCLUDE_SOURCE;
				MTL_FAST_MATH = YES;
				ONLY_ACTIVE_ARCH = YES;
				SDKROOT = iphoneos;
				SWIFT_ACTIVE_COMPILATION_CONDITIONS = DEBUG;
				SWIFT_OPTIMIZATION_LEVEL = "-Onone";
			};
			name = Debug;
		};
		BD7783B32872EBB70023032D /* Release */ = {
			isa = XCBuildConfiguration;
			buildSettings = {
				ALWAYS_SEARCH_USER_PATHS = NO;
				CLANG_ANALYZER_NONNULL = YES;
				CLANG_ANALYZER_NUMBER_OBJECT_CONVERSION = YES_AGGRESSIVE;
				CLANG_CXX_LANGUAGE_STANDARD = "gnu++17";
				CLANG_ENABLE_MODULES = YES;
				CLANG_ENABLE_OBJC_ARC = YES;
				CLANG_ENABLE_OBJC_WEAK = YES;
				CLANG_WARN_BLOCK_CAPTURE_AUTORELEASING = YES;
				CLANG_WARN_BOOL_CONVERSION = YES;
				CLANG_WARN_COMMA = YES;
				CLANG_WARN_CONSTANT_CONVERSION = YES;
				CLANG_WARN_DEPRECATED_OBJC_IMPLEMENTATIONS = YES;
				CLANG_WARN_DIRECT_OBJC_ISA_USAGE = YES_ERROR;
				CLANG_WARN_DOCUMENTATION_COMMENTS = YES;
				CLANG_WARN_EMPTY_BODY = YES;
				CLANG_WARN_ENUM_CONVERSION = YES;
				CLANG_WARN_INFINITE_RECURSION = YES;
				CLANG_WARN_INT_CONVERSION = YES;
				CLANG_WARN_NON_LITERAL_NULL_CONVERSION = YES;
				CLANG_WARN_OBJC_IMPLICIT_RETAIN_SELF = YES;
				CLANG_WARN_OBJC_LITERAL_CONVERSION = YES;
				CLANG_WARN_OBJC_ROOT_CLASS = YES_ERROR;
				CLANG_WARN_QUOTED_INCLUDE_IN_FRAMEWORK_HEADER = YES;
				CLANG_WARN_RANGE_LOOP_ANALYSIS = YES;
				CLANG_WARN_STRICT_PROTOTYPES = YES;
				CLANG_WARN_SUSPICIOUS_MOVE = YES;
				CLANG_WARN_UNGUARDED_AVAILABILITY = YES_AGGRESSIVE;
				CLANG_WARN_UNREACHABLE_CODE = YES;
				CLANG_WARN__DUPLICATE_METHOD_MATCH = YES;
				COPY_PHASE_STRIP = NO;
				DEBUG_INFORMATION_FORMAT = "dwarf-with-dsym";
				ENABLE_NS_ASSERTIONS = NO;
				ENABLE_STRICT_OBJC_MSGSEND = YES;
				GCC_C_LANGUAGE_STANDARD = gnu11;
				GCC_NO_COMMON_BLOCKS = YES;
				GCC_WARN_64_TO_32_BIT_CONVERSION = YES;
				GCC_WARN_ABOUT_RETURN_TYPE = YES_ERROR;
				GCC_WARN_UNDECLARED_SELECTOR = YES;
				GCC_WARN_UNINITIALIZED_AUTOS = YES_AGGRESSIVE;
				GCC_WARN_UNUSED_FUNCTION = YES;
				GCC_WARN_UNUSED_VARIABLE = YES;
				IPHONEOS_DEPLOYMENT_TARGET = 15.5;
				MTL_ENABLE_DEBUG_INFO = NO;
				MTL_FAST_MATH = YES;
				SDKROOT = iphoneos;
				SWIFT_COMPILATION_MODE = wholemodule;
				SWIFT_OPTIMIZATION_LEVEL = "-O";
				VALIDATE_PRODUCT = YES;
			};
			name = Release;
		};
		BD7783B52872EBB70023032D /* Debug */ = {
			isa = XCBuildConfiguration;
			buildSettings = {
				ASSETCATALOG_COMPILER_APPICON_NAME = AppIcon;
				ASSETCATALOG_COMPILER_GLOBAL_ACCENT_COLOR_NAME = AccentColor;
				CODE_SIGN_STYLE = Automatic;
				CURRENT_PROJECT_VERSION = 1;
				DEVELOPMENT_ASSET_PATHS = "\"FenestramMessanger/Preview Content\"";
				DEVELOPMENT_TEAM = 829NTVC59C;
				ENABLE_PREVIEWS = YES;
				GENERATE_INFOPLIST_FILE = YES;
				INFOPLIST_KEY_UIApplicationSceneManifest_Generation = YES;
				INFOPLIST_KEY_UIApplicationSupportsIndirectInputEvents = YES;
				INFOPLIST_KEY_UILaunchScreen_Generation = YES;
				INFOPLIST_KEY_UISupportedInterfaceOrientations_iPad = "UIInterfaceOrientationPortrait UIInterfaceOrientationPortraitUpsideDown UIInterfaceOrientationLandscapeLeft UIInterfaceOrientationLandscapeRight";
				INFOPLIST_KEY_UISupportedInterfaceOrientations_iPhone = "UIInterfaceOrientationPortrait UIInterfaceOrientationLandscapeLeft UIInterfaceOrientationLandscapeRight";
				LD_RUNPATH_SEARCH_PATHS = (
					"$(inherited)",
					"@executable_path/Frameworks",
				);
				MARKETING_VERSION = 1.0;
				PRODUCT_BUNDLE_IDENTIFIER = io.fasthome.FenestramMessanger;
				PRODUCT_NAME = "$(TARGET_NAME)";
				SWIFT_EMIT_LOC_STRINGS = YES;
				SWIFT_VERSION = 5.0;
				TARGETED_DEVICE_FAMILY = "1,2";
			};
			name = Debug;
		};
		BD7783B62872EBB70023032D /* Release */ = {
			isa = XCBuildConfiguration;
			buildSettings = {
				ASSETCATALOG_COMPILER_APPICON_NAME = AppIcon;
				ASSETCATALOG_COMPILER_GLOBAL_ACCENT_COLOR_NAME = AccentColor;
				CODE_SIGN_STYLE = Automatic;
				CURRENT_PROJECT_VERSION = 1;
				DEVELOPMENT_ASSET_PATHS = "\"FenestramMessanger/Preview Content\"";
				DEVELOPMENT_TEAM = 829NTVC59C;
				ENABLE_PREVIEWS = YES;
				GENERATE_INFOPLIST_FILE = YES;
				INFOPLIST_KEY_UIApplicationSceneManifest_Generation = YES;
				INFOPLIST_KEY_UIApplicationSupportsIndirectInputEvents = YES;
				INFOPLIST_KEY_UILaunchScreen_Generation = YES;
				INFOPLIST_KEY_UISupportedInterfaceOrientations_iPad = "UIInterfaceOrientationPortrait UIInterfaceOrientationPortraitUpsideDown UIInterfaceOrientationLandscapeLeft UIInterfaceOrientationLandscapeRight";
				INFOPLIST_KEY_UISupportedInterfaceOrientations_iPhone = "UIInterfaceOrientationPortrait UIInterfaceOrientationLandscapeLeft UIInterfaceOrientationLandscapeRight";
				LD_RUNPATH_SEARCH_PATHS = (
					"$(inherited)",
					"@executable_path/Frameworks",
				);
				MARKETING_VERSION = 1.0;
				PRODUCT_BUNDLE_IDENTIFIER = io.fasthome.FenestramMessanger;
				PRODUCT_NAME = "$(TARGET_NAME)";
				SWIFT_EMIT_LOC_STRINGS = YES;
				SWIFT_VERSION = 5.0;
				TARGETED_DEVICE_FAMILY = "1,2";
			};
			name = Release;
		};
/* End XCBuildConfiguration section */

/* Begin XCConfigurationList section */
		BD7783A12872EBB50023032D /* Build configuration list for PBXProject "FenestramMessanger" */ = {
			isa = XCConfigurationList;
			buildConfigurations = (
				BD7783B22872EBB70023032D /* Debug */,
				BD7783B32872EBB70023032D /* Release */,
			);
			defaultConfigurationIsVisible = 0;
			defaultConfigurationName = Release;
		};
		BD7783B42872EBB70023032D /* Build configuration list for PBXNativeTarget "FenestramMessanger" */ = {
			isa = XCConfigurationList;
			buildConfigurations = (
				BD7783B52872EBB70023032D /* Debug */,
				BD7783B62872EBB70023032D /* Release */,
			);
			defaultConfigurationIsVisible = 0;
			defaultConfigurationName = Release;
		};
/* End XCConfigurationList section */

/* Begin XCRemoteSwiftPackageReference section */
		BDF2E2DE287F1C1C00B7E182 /* XCRemoteSwiftPackageReference "Alamofire" */ = {
			isa = XCRemoteSwiftPackageReference;
			repositoryURL = "https://github.com/Alamofire/Alamofire.git";
			requirement = {
				kind = upToNextMajorVersion;
				minimumVersion = 5.0.0;
			};
		};
/* End XCRemoteSwiftPackageReference section */

/* Begin XCSwiftPackageProductDependency section */
		BDF2E2DF287F1C1C00B7E182 /* Alamofire */ = {
			isa = XCSwiftPackageProductDependency;
			package = BDF2E2DE287F1C1C00B7E182 /* XCRemoteSwiftPackageReference "Alamofire" */;
			productName = Alamofire;
		};
/* End XCSwiftPackageProductDependency section */
	};
	rootObject = BD77839E2872EBB50023032D /* Project object */;
}
