// !$*UTF8*$!
{
	archiveVersion = 1;
	classes = {
	};
	objectVersion = 55;
	objects = {

/* Begin PBXBuildFile section */
		5752DAFF28FCB0DC00EC3AD4 /* UINavigationController+Extensions.swift in Sources */ = {isa = PBXBuildFile; fileRef = 5752DAFE28FCB0DC00EC3AD4 /* UINavigationController+Extensions.swift */; };
		5752DB0128FCB26800EC3AD4 /* TabbarView.swift in Sources */ = {isa = PBXBuildFile; fileRef = 5752DB0028FCB26800EC3AD4 /* TabbarView.swift */; };
		57B6A98428A42D7C0051429F /* GoogleService-Info.plist in Resources */ = {isa = PBXBuildFile; fileRef = 57B6A98328A42D7C0051429F /* GoogleService-Info.plist */; };
		6D3B8991ABEEC255BD8A2A57 /* Pods_FenestramMessanger.framework in Frameworks */ = {isa = PBXBuildFile; fileRef = F33D57429665AA5A47D624DD /* Pods_FenestramMessanger.framework */; };
		BD081B0128E312D300E3B48D /* splashscreen_animation.json in Resources */ = {isa = PBXBuildFile; fileRef = BD081B0028E312D300E3B48D /* splashscreen_animation.json */; };
		BD081B0628E3163200E3B48D /* Lottie in Frameworks */ = {isa = PBXBuildFile; productRef = BD081B0528E3163200E3B48D /* Lottie */; };
		BD081B0828E3167800E3B48D /* LottieView.swift in Sources */ = {isa = PBXBuildFile; fileRef = BD081B0728E3167800E3B48D /* LottieView.swift */; };
		BD0D3ADC28C767E4004096A1 /* iPhoneNumberField in Frameworks */ = {isa = PBXBuildFile; productRef = BD0D3ADB28C767E4004096A1 /* iPhoneNumberField */; };
		BD0D3ADF28C8B07E004096A1 /* AlertToast in Frameworks */ = {isa = PBXBuildFile; productRef = BD0D3ADE28C8B07E004096A1 /* AlertToast */; };
		BD0D3AE128C8C333004096A1 /* MFMessageComposeView.swift in Sources */ = {isa = PBXBuildFile; fileRef = BD0D3AE028C8C333004096A1 /* MFMessageComposeView.swift */; };
		BD74D88428805A880004C961 /* Montserrat-Black.ttf in Resources */ = {isa = PBXBuildFile; fileRef = BD74D87228805A860004C961 /* Montserrat-Black.ttf */; };
		BD74D88528805A880004C961 /* Montserrat-Bold.ttf in Resources */ = {isa = PBXBuildFile; fileRef = BD74D87328805A860004C961 /* Montserrat-Bold.ttf */; };
		BD74D88628805A880004C961 /* Montserrat-MediumItalic.ttf in Resources */ = {isa = PBXBuildFile; fileRef = BD74D87428805A860004C961 /* Montserrat-MediumItalic.ttf */; };
		BD74D88728805A880004C961 /* Montserrat-Thin.ttf in Resources */ = {isa = PBXBuildFile; fileRef = BD74D87528805A860004C961 /* Montserrat-Thin.ttf */; };
		BD74D88828805A880004C961 /* Montserrat-SemiBold.ttf in Resources */ = {isa = PBXBuildFile; fileRef = BD74D87628805A860004C961 /* Montserrat-SemiBold.ttf */; };
		BD74D88928805A880004C961 /* Montserrat-ThinItalic.ttf in Resources */ = {isa = PBXBuildFile; fileRef = BD74D87728805A860004C961 /* Montserrat-ThinItalic.ttf */; };
		BD74D88A28805A880004C961 /* Montserrat-SemiBoldItalic.ttf in Resources */ = {isa = PBXBuildFile; fileRef = BD74D87828805A860004C961 /* Montserrat-SemiBoldItalic.ttf */; };
		BD74D88B28805A880004C961 /* Montserrat-ExtraBoldItalic.ttf in Resources */ = {isa = PBXBuildFile; fileRef = BD74D87928805A860004C961 /* Montserrat-ExtraBoldItalic.ttf */; };
		BD74D88C28805A880004C961 /* Montserrat-ExtraLightItalic.ttf in Resources */ = {isa = PBXBuildFile; fileRef = BD74D87A28805A860004C961 /* Montserrat-ExtraLightItalic.ttf */; };
		BD74D88D28805A880004C961 /* Montserrat-Italic.ttf in Resources */ = {isa = PBXBuildFile; fileRef = BD74D87B28805A870004C961 /* Montserrat-Italic.ttf */; };
		BD74D88E28805A880004C961 /* Montserrat-Light.ttf in Resources */ = {isa = PBXBuildFile; fileRef = BD74D87C28805A870004C961 /* Montserrat-Light.ttf */; };
		BD74D88F28805A880004C961 /* Montserrat-LightItalic.ttf in Resources */ = {isa = PBXBuildFile; fileRef = BD74D87D28805A870004C961 /* Montserrat-LightItalic.ttf */; };
		BD74D89028805A880004C961 /* Montserrat-ExtraLight.ttf in Resources */ = {isa = PBXBuildFile; fileRef = BD74D87E28805A870004C961 /* Montserrat-ExtraLight.ttf */; };
		BD74D89128805A880004C961 /* Montserrat-BlackItalic.ttf in Resources */ = {isa = PBXBuildFile; fileRef = BD74D87F28805A870004C961 /* Montserrat-BlackItalic.ttf */; };
		BD74D89228805A880004C961 /* Montserrat-ExtraBold.ttf in Resources */ = {isa = PBXBuildFile; fileRef = BD74D88028805A870004C961 /* Montserrat-ExtraBold.ttf */; };
		BD74D89328805A880004C961 /* Montserrat-BoldItalic.ttf in Resources */ = {isa = PBXBuildFile; fileRef = BD74D88128805A870004C961 /* Montserrat-BoldItalic.ttf */; };
		BD74D89428805A880004C961 /* Montserrat-Regular.ttf in Resources */ = {isa = PBXBuildFile; fileRef = BD74D88228805A870004C961 /* Montserrat-Regular.ttf */; };
		BD74D89528805A880004C961 /* Montserrat-Medium.ttf in Resources */ = {isa = PBXBuildFile; fileRef = BD74D88328805A870004C961 /* Montserrat-Medium.ttf */; };
		BD74D89928806F860004C961 /* AppDelegate.swift in Sources */ = {isa = PBXBuildFile; fileRef = BD74D89828806F860004C961 /* AppDelegate.swift */; };
		BD7783AA2872EBB50023032D /* FenestramMessangerApp.swift in Sources */ = {isa = PBXBuildFile; fileRef = BD7783A92872EBB50023032D /* FenestramMessangerApp.swift */; };
		BD7783AE2872EBB70023032D /* Assets.xcassets in Resources */ = {isa = PBXBuildFile; fileRef = BD7783AD2872EBB70023032D /* Assets.xcassets */; };
		BD7783B12872EBB70023032D /* Preview Assets.xcassets in Resources */ = {isa = PBXBuildFile; fileRef = BD7783B02872EBB70023032D /* Preview Assets.xcassets */; };
		BD785F4328C202640075BC89 /* PhoneBookEntity.swift in Sources */ = {isa = PBXBuildFile; fileRef = BD785F4228C202640075BC89 /* PhoneBookEntity.swift */; };
		BD785F4528C203760075BC89 /* ContactsRequestRouter.swift in Sources */ = {isa = PBXBuildFile; fileRef = BD785F4428C203760075BC89 /* ContactsRequestRouter.swift */; };
		BD785F4728C204F60075BC89 /* ContactsRequestFactory.swift in Sources */ = {isa = PBXBuildFile; fileRef = BD785F4628C204F60075BC89 /* ContactsRequestFactory.swift */; };
		BD785F4928C205550075BC89 /* ContactsService.swift in Sources */ = {isa = PBXBuildFile; fileRef = BD785F4828C205550075BC89 /* ContactsService.swift */; };
		BD785F4B28C2123D0075BC89 /* ContactEntity.swift in Sources */ = {isa = PBXBuildFile; fileRef = BD785F4A28C2123D0075BC89 /* ContactEntity.swift */; };
		BD785F4E28C61D080075BC89 /* Kingfisher in Frameworks */ = {isa = PBXBuildFile; productRef = BD785F4D28C61D080075BC89 /* Kingfisher */; };
		BD785F5028C6455E0075BC89 /* FilesRequestRouter.swift in Sources */ = {isa = PBXBuildFile; fileRef = BD785F4F28C6455E0075BC89 /* FilesRequestRouter.swift */; };
		BD785F5228C6499F0075BC89 /* FilesRequestFactory.swift in Sources */ = {isa = PBXBuildFile; fileRef = BD785F5128C6499F0075BC89 /* FilesRequestFactory.swift */; };
		BD785F5428C64DD60075BC89 /* FileEntity.swift in Sources */ = {isa = PBXBuildFile; fileRef = BD785F5328C64DD60075BC89 /* FileEntity.swift */; };
		BD785F5628C64E980075BC89 /* FilesService.swift in Sources */ = {isa = PBXBuildFile; fileRef = BD785F5528C64E980075BC89 /* FilesService.swift */; };
		BD980FB528816F940050F8B4 /* UIApplication+Extensions.swift in Sources */ = {isa = PBXBuildFile; fileRef = BD980FB428816F940050F8B4 /* UIApplication+Extensions.swift */; };
		BD980FB7288170B20050F8B4 /* Publishers+Extensions.swift in Sources */ = {isa = PBXBuildFile; fileRef = BD980FB6288170B20050F8B4 /* Publishers+Extensions.swift */; };
		BD980FB9288170CC0050F8B4 /* Notification+Extensions.swift in Sources */ = {isa = PBXBuildFile; fileRef = BD980FB8288170CC0050F8B4 /* Notification+Extensions.swift */; };
		BD980FBD288176280050F8B4 /* SocketIO in Frameworks */ = {isa = PBXBuildFile; productRef = BD980FBC288176280050F8B4 /* SocketIO */; };
		BD980FC02881767C0050F8B4 /* SocketIOManager.swift in Sources */ = {isa = PBXBuildFile; fileRef = BD980FBF2881767C0050F8B4 /* SocketIOManager.swift */; };
		BDA6EAF22881D21600C96047 /* LoadingView.swift in Sources */ = {isa = PBXBuildFile; fileRef = BDA6EAF12881D21600C96047 /* LoadingView.swift */; };
		BDB5DAB72888129B0057966B /* BaseResponseEntity.swift in Sources */ = {isa = PBXBuildFile; fileRef = BDB5DAB62888129B0057966B /* BaseResponseEntity.swift */; };
		BDDB5ADF2872ECBC002BF418 /* MainView.swift in Sources */ = {isa = PBXBuildFile; fileRef = BDDB5ADE2872ECBC002BF418 /* MainView.swift */; };
		BDDB5AE12872ECE2002BF418 /* MainViewModel.swift in Sources */ = {isa = PBXBuildFile; fileRef = BDDB5AE02872ECE2002BF418 /* MainViewModel.swift */; };
		BDE74B9128801D9000F4A775 /* Localizable.strings in Resources */ = {isa = PBXBuildFile; fileRef = BDE74B9328801D9000F4A775 /* Localizable.strings */; };
		BDE74B9828801E7900F4A775 /* Assets.swift in Sources */ = {isa = PBXBuildFile; fileRef = BDE74B9628801E7900F4A775 /* Assets.swift */; };
		BDE74B9928801E7900F4A775 /* Localizable.swift in Sources */ = {isa = PBXBuildFile; fileRef = BDE74B9728801E7900F4A775 /* Localizable.swift */; };
		BDE74B9B28801F8E00F4A775 /* Asset+Extensions.swift in Sources */ = {isa = PBXBuildFile; fileRef = BDE74B9A28801F8E00F4A775 /* Asset+Extensions.swift */; };
		BDE74BB0288030A400F4A775 /* Poppins-ExtraLight.ttf in Resources */ = {isa = PBXBuildFile; fileRef = BDE74B9D288030A400F4A775 /* Poppins-ExtraLight.ttf */; };
		BDE74BB1288030A400F4A775 /* Poppins-ThinItalic.ttf in Resources */ = {isa = PBXBuildFile; fileRef = BDE74B9E288030A400F4A775 /* Poppins-ThinItalic.ttf */; };
		BDE74BB2288030A400F4A775 /* Poppins-ExtraLightItalic.ttf in Resources */ = {isa = PBXBuildFile; fileRef = BDE74B9F288030A400F4A775 /* Poppins-ExtraLightItalic.ttf */; };
		BDE74BB3288030A400F4A775 /* Poppins-BoldItalic.ttf in Resources */ = {isa = PBXBuildFile; fileRef = BDE74BA0288030A400F4A775 /* Poppins-BoldItalic.ttf */; };
		BDE74BB4288030A400F4A775 /* Poppins-Light.ttf in Resources */ = {isa = PBXBuildFile; fileRef = BDE74BA1288030A400F4A775 /* Poppins-Light.ttf */; };
		BDE74BB5288030A400F4A775 /* Poppins-Medium.ttf in Resources */ = {isa = PBXBuildFile; fileRef = BDE74BA2288030A400F4A775 /* Poppins-Medium.ttf */; };
		BDE74BB6288030A400F4A775 /* Poppins-SemiBoldItalic.ttf in Resources */ = {isa = PBXBuildFile; fileRef = BDE74BA3288030A400F4A775 /* Poppins-SemiBoldItalic.ttf */; };
		BDE74BB7288030A400F4A775 /* Poppins-ExtraBoldItalic.ttf in Resources */ = {isa = PBXBuildFile; fileRef = BDE74BA4288030A400F4A775 /* Poppins-ExtraBoldItalic.ttf */; };
		BDE74BB8288030A400F4A775 /* Poppins-ExtraBold.ttf in Resources */ = {isa = PBXBuildFile; fileRef = BDE74BA5288030A400F4A775 /* Poppins-ExtraBold.ttf */; };
		BDE74BB9288030A400F4A775 /* Poppins-BlackItalic.ttf in Resources */ = {isa = PBXBuildFile; fileRef = BDE74BA6288030A400F4A775 /* Poppins-BlackItalic.ttf */; };
		BDE74BBB288030A400F4A775 /* Poppins-Regular.ttf in Resources */ = {isa = PBXBuildFile; fileRef = BDE74BA8288030A400F4A775 /* Poppins-Regular.ttf */; };
		BDE74BBC288030A400F4A775 /* Poppins-LightItalic.ttf in Resources */ = {isa = PBXBuildFile; fileRef = BDE74BA9288030A400F4A775 /* Poppins-LightItalic.ttf */; };
		BDE74BBD288030A400F4A775 /* Poppins-Bold.ttf in Resources */ = {isa = PBXBuildFile; fileRef = BDE74BAA288030A400F4A775 /* Poppins-Bold.ttf */; };
		BDE74BBE288030A400F4A775 /* Poppins-Black.ttf in Resources */ = {isa = PBXBuildFile; fileRef = BDE74BAB288030A400F4A775 /* Poppins-Black.ttf */; };
		BDE74BBF288030A400F4A775 /* Poppins-Thin.ttf in Resources */ = {isa = PBXBuildFile; fileRef = BDE74BAC288030A400F4A775 /* Poppins-Thin.ttf */; };
		BDE74BC0288030A400F4A775 /* Poppins-SemiBold.ttf in Resources */ = {isa = PBXBuildFile; fileRef = BDE74BAD288030A400F4A775 /* Poppins-SemiBold.ttf */; };
		BDE74BC1288030A400F4A775 /* Poppins-Italic.ttf in Resources */ = {isa = PBXBuildFile; fileRef = BDE74BAE288030A400F4A775 /* Poppins-Italic.ttf */; };
		BDE74BC2288030A400F4A775 /* Poppins-MediumItalic.ttf in Resources */ = {isa = PBXBuildFile; fileRef = BDE74BAF288030A400F4A775 /* Poppins-MediumItalic.ttf */; };
		BDE74BC4288030DE00F4A775 /* Fonts.swift in Sources */ = {isa = PBXBuildFile; fileRef = BDE74BC3288030DE00F4A775 /* Fonts.swift */; };
		BDF1F22528BCCFFC000D8499 /* Weak.swift in Sources */ = {isa = PBXBuildFile; fileRef = BDF1F22428BCCFFC000D8499 /* Weak.swift */; };
		BDF1F22A28BE2B9F000D8499 /* NewChatView.swift in Sources */ = {isa = PBXBuildFile; fileRef = BDF1F22928BE2B9F000D8499 /* NewChatView.swift */; };
		BDF1F22C28BE2BAB000D8499 /* NewChatViewModel.swift in Sources */ = {isa = PBXBuildFile; fileRef = BDF1F22B28BE2BAB000D8499 /* NewChatViewModel.swift */; };
		BDF1F22F28BE42FA000D8499 /* NewChatConfirmView.swift in Sources */ = {isa = PBXBuildFile; fileRef = BDF1F22E28BE42FA000D8499 /* NewChatConfirmView.swift */; };
		BDF1F23128BE430C000D8499 /* NewChatConfirmViewModel.swift in Sources */ = {isa = PBXBuildFile; fileRef = BDF1F23028BE430C000D8499 /* NewChatConfirmViewModel.swift */; };
		BDF2E2CF287F1B1200B7E182 /* AbstractRequestRouter.swift in Sources */ = {isa = PBXBuildFile; fileRef = BDF2E2BF287F1B1200B7E182 /* AbstractRequestRouter.swift */; };
		BDF2E2D0287F1B1200B7E182 /* AuthRequestRouter.swift in Sources */ = {isa = PBXBuildFile; fileRef = BDF2E2C0287F1B1200B7E182 /* AuthRequestRouter.swift */; };
		BDF2E2D1287F1B1200B7E182 /* ProfileRequestRouter.swift in Sources */ = {isa = PBXBuildFile; fileRef = BDF2E2C1287F1B1200B7E182 /* ProfileRequestRouter.swift */; };
		BDF2E2D2287F1B1200B7E182 /* AuthService.swift in Sources */ = {isa = PBXBuildFile; fileRef = BDF2E2C2287F1B1200B7E182 /* AuthService.swift */; };
		BDF2E2D3287F1B1200B7E182 /* AbstractRequestFactory.swift in Sources */ = {isa = PBXBuildFile; fileRef = BDF2E2C4287F1B1200B7E182 /* AbstractRequestFactory.swift */; };
		BDF2E2D4287F1B1200B7E182 /* RequestFactory.swift in Sources */ = {isa = PBXBuildFile; fileRef = BDF2E2C5287F1B1200B7E182 /* RequestFactory.swift */; };
		BDF2E2D5287F1B1200B7E182 /* AuthRequestFactory.swift in Sources */ = {isa = PBXBuildFile; fileRef = BDF2E2C6287F1B1200B7E182 /* AuthRequestFactory.swift */; };
		BDF2E2D6287F1B1200B7E182 /* UserEntity.swift in Sources */ = {isa = PBXBuildFile; fileRef = BDF2E2C8287F1B1200B7E182 /* UserEntity.swift */; };
		BDF2E2D7287F1B1200B7E182 /* Constants.swift in Sources */ = {isa = PBXBuildFile; fileRef = BDF2E2CA287F1B1200B7E182 /* Constants.swift */; };
		BDF2E2D8287F1B1200B7E182 /* KeychainPasswordItem.swift in Sources */ = {isa = PBXBuildFile; fileRef = BDF2E2CB287F1B1200B7E182 /* KeychainPasswordItem.swift */; };
		BDF2E2D9287F1B1200B7E182 /* Settings.swift in Sources */ = {isa = PBXBuildFile; fileRef = BDF2E2CC287F1B1200B7E182 /* Settings.swift */; };
		BDF2E2DA287F1B1200B7E182 /* AuthController.swift in Sources */ = {isa = PBXBuildFile; fileRef = BDF2E2CD287F1B1200B7E182 /* AuthController.swift */; };
		BDF2E2DB287F1B1200B7E182 /* NetworkError.swift in Sources */ = {isa = PBXBuildFile; fileRef = BDF2E2CE287F1B1200B7E182 /* NetworkError.swift */; };
		BDF2E2DD287F1C0600B7E182 /* ProfileRequestFactory.swift in Sources */ = {isa = PBXBuildFile; fileRef = BDF2E2DC287F1C0600B7E182 /* ProfileRequestFactory.swift */; };
		BDF2E2E0287F1C1C00B7E182 /* Alamofire in Frameworks */ = {isa = PBXBuildFile; productRef = BDF2E2DF287F1C1C00B7E182 /* Alamofire */; };
		BDF2E2E2287F1CC400B7E182 /* ProfileService.swift in Sources */ = {isa = PBXBuildFile; fileRef = BDF2E2E1287F1CC400B7E182 /* ProfileService.swift */; };
		BDF2E2E4287F207000B7E182 /* ChatRequestRouter.swift in Sources */ = {isa = PBXBuildFile; fileRef = BDF2E2E3287F207000B7E182 /* ChatRequestRouter.swift */; };
		BDF2E2E6287F217D00B7E182 /* ChatRequestFactory.swift in Sources */ = {isa = PBXBuildFile; fileRef = BDF2E2E5287F217D00B7E182 /* ChatRequestFactory.swift */; };
		BDF2E2E8287F225F00B7E182 /* ChatService.swift in Sources */ = {isa = PBXBuildFile; fileRef = BDF2E2E7287F225F00B7E182 /* ChatService.swift */; };
		BDF2E2EA287F26E300B7E182 /* ChatEntity.swift in Sources */ = {isa = PBXBuildFile; fileRef = BDF2E2E9287F26E300B7E182 /* ChatEntity.swift */; };
		BDF2E2ED287F286A00B7E182 /* Date+Extensions.swift in Sources */ = {isa = PBXBuildFile; fileRef = BDF2E2EC287F286A00B7E182 /* Date+Extensions.swift */; };
		BDF2E2EF287F29F800B7E182 /* MessageEntity.swift in Sources */ = {isa = PBXBuildFile; fileRef = BDF2E2EE287F29F800B7E182 /* MessageEntity.swift */; };
		FC13AF3D287EC42600784E35 /* NewContactView.swift in Sources */ = {isa = PBXBuildFile; fileRef = FC13AF3C287EC42600784E35 /* NewContactView.swift */; };
		FC13AF42287ECEE100784E35 /* NewContactViewModel.swift in Sources */ = {isa = PBXBuildFile; fileRef = FC13AF41287ECEE100784E35 /* NewContactViewModel.swift */; };
		FC13AF45287EE78B00784E35 /* ChatViewModel.swift in Sources */ = {isa = PBXBuildFile; fileRef = FC13AF44287EE78A00784E35 /* ChatViewModel.swift */; };
		FC17786C2875831700B0D979 /* Introspect in Frameworks */ = {isa = PBXBuildFile; productRef = FC17786B2875831700B0D979 /* Introspect */; };
		FC17786E2875837300B0D979 /* AccountView.swift in Sources */ = {isa = PBXBuildFile; fileRef = FC17786D2875837300B0D979 /* AccountView.swift */; };
		FC177873287583BA00B0D979 /* ImagePicker.swift in Sources */ = {isa = PBXBuildFile; fileRef = FC177872287583BA00B0D979 /* ImagePicker.swift */; };
		FC177875287583D000B0D979 /* DatePickerTextField.swift in Sources */ = {isa = PBXBuildFile; fileRef = FC177874287583CF00B0D979 /* DatePickerTextField.swift */; };
		FC17787C2875913F00B0D979 /* PhoneViewModel.swift in Sources */ = {isa = PBXBuildFile; fileRef = FC17787B2875913F00B0D979 /* PhoneViewModel.swift */; };
		FC17787F2875919200B0D979 /* CodeViewModel.swift in Sources */ = {isa = PBXBuildFile; fileRef = FC17787E2875919200B0D979 /* CodeViewModel.swift */; };
		FC177882287591FE00B0D979 /* AccountViewModel.swift in Sources */ = {isa = PBXBuildFile; fileRef = FC177881287591FE00B0D979 /* AccountViewModel.swift */; };
		FC177889287592DB00B0D979 /* TextField+Extensions.swift in Sources */ = {isa = PBXBuildFile; fileRef = FC177888287592DB00B0D979 /* TextField+Extensions.swift */; };
		FC17788B2875933200B0D979 /* View+Extensions.swift in Sources */ = {isa = PBXBuildFile; fileRef = FC17788A2875933200B0D979 /* View+Extensions.swift */; };
		FC1778902875A1B900B0D979 /* UIScreen+Extensions.swift in Sources */ = {isa = PBXBuildFile; fileRef = FC17788F2875A1B900B0D979 /* UIScreen+Extensions.swift */; };
		FC1778B42876E25C00B0D979 /* Feature.swift in Sources */ = {isa = PBXBuildFile; fileRef = FC1778B32876E25C00B0D979 /* Feature.swift */; };
		FC1778D728774BA300B0D979 /* ProfileView.swift in Sources */ = {isa = PBXBuildFile; fileRef = FC1778D428774BA300B0D979 /* ProfileView.swift */; };
		FC1778D828774BA300B0D979 /* CorrespondenceView.swift in Sources */ = {isa = PBXBuildFile; fileRef = FC1778D528774BA300B0D979 /* CorrespondenceView.swift */; };
		FC1778D928774BA300B0D979 /* ContactsView.swift in Sources */ = {isa = PBXBuildFile; fileRef = FC1778D628774BA300B0D979 /* ContactsView.swift */; };
		FC1EA8FF287F3CE10027107E /* SplashScreen.swift in Sources */ = {isa = PBXBuildFile; fileRef = FC1EA8FE287F3CE10027107E /* SplashScreen.swift */; };
		FC305CC4289AE731001ED651 /* CustomTextField.swift in Sources */ = {isa = PBXBuildFile; fileRef = FC305CC3289AE731001ED651 /* CustomTextField.swift */; };
		FC3A2B4128902DDE006E0948 /* CorrespondenceNavigationView.swift in Sources */ = {isa = PBXBuildFile; fileRef = FC3A2B4028902DDE006E0948 /* CorrespondenceNavigationView.swift */; };
		FC3A2B43289032ED006E0948 /* MessageStyleView.swift in Sources */ = {isa = PBXBuildFile; fileRef = FC3A2B42289032ED006E0948 /* MessageStyleView.swift */; };
		FC3A2B5028917348006E0948 /* PhotoEntity.swift in Sources */ = {isa = PBXBuildFile; fileRef = FC3A2B4F28917348006E0948 /* PhotoEntity.swift */; };
		FC3A2B522891743E006E0948 /* FileView.swift in Sources */ = {isa = PBXBuildFile; fileRef = FC3A2B512891743E006E0948 /* FileView.swift */; };
		FC3A2B552891747C006E0948 /* FileViewModel.swift in Sources */ = {isa = PBXBuildFile; fileRef = FC3A2B542891747C006E0948 /* FileViewModel.swift */; };
		FC3A2B57289174EF006E0948 /* FileNavigationView.swift in Sources */ = {isa = PBXBuildFile; fileRef = FC3A2B56289174EF006E0948 /* FileNavigationView.swift */; };
		FC600B2228787E74001CA2BD /* ProfileViewModel.swift in Sources */ = {isa = PBXBuildFile; fileRef = FC600B2128787E74001CA2BD /* ProfileViewModel.swift */; };
		FC600B2528788E7F001CA2BD /* SettingsView.swift in Sources */ = {isa = PBXBuildFile; fileRef = FC600B2428788E7F001CA2BD /* SettingsView.swift */; };
		FC600B2728788E87001CA2BD /* SettingsViewModel.swift in Sources */ = {isa = PBXBuildFile; fileRef = FC600B2628788E87001CA2BD /* SettingsViewModel.swift */; };
		FC7A57102891990D00ABF7BF /* PageContactView.swift in Sources */ = {isa = PBXBuildFile; fileRef = FC7A570F2891990D00ABF7BF /* PageContactView.swift */; };
		FC7A57122891991B00ABF7BF /* PageContactViewModel.swift in Sources */ = {isa = PBXBuildFile; fileRef = FC7A57112891991B00ABF7BF /* PageContactViewModel.swift */; };
		FC7A57152891AE3A00ABF7BF /* ImagesView.swift in Sources */ = {isa = PBXBuildFile; fileRef = FC7A57142891AE3A00ABF7BF /* ImagesView.swift */; };
		FC7A57172891AE5700ABF7BF /* ImagesNavigationView.swift in Sources */ = {isa = PBXBuildFile; fileRef = FC7A57162891AE5700ABF7BF /* ImagesNavigationView.swift */; };
		FCD3059A2886A61F00491220 /* File.swift in Sources */ = {isa = PBXBuildFile; fileRef = FCD305992886A61F00491220 /* File.swift */; };
		FCD3059D2886ADCB00491220 /* BottomSheet in Frameworks */ = {isa = PBXBuildFile; productRef = FCD3059C2886ADCB00491220 /* BottomSheet */; };
		FCD305A02886E68400491220 /* CorrespondenceViewModel.swift in Sources */ = {isa = PBXBuildFile; fileRef = FCD3059F2886E68400491220 /* CorrespondenceViewModel.swift */; };
		FCD305A2288968FD00491220 /* AlertView.swift in Sources */ = {isa = PBXBuildFile; fileRef = FCD305A1288968FC00491220 /* AlertView.swift */; };
		FCEE882428743FFD00268971 /* PhoneView.swift in Sources */ = {isa = PBXBuildFile; fileRef = FCEE882328743FFC00268971 /* PhoneView.swift */; };
		FCEE88262874400700268971 /* CodeView.swift in Sources */ = {isa = PBXBuildFile; fileRef = FCEE88252874400700268971 /* CodeView.swift */; };
		FCF5A4352878AD2C0028FBD3 /* ContactsViewModel.swift in Sources */ = {isa = PBXBuildFile; fileRef = FCF5A4342878AD2C0028FBD3 /* ContactsViewModel.swift */; };
		FCF5A43728798EB70028FBD3 /* ChatView.swift in Sources */ = {isa = PBXBuildFile; fileRef = FCF5A43628798EB70028FBD3 /* ChatView.swift */; };
		FCF5A43B287DB5170028FBD3 /* OnboardingContainerView.swift in Sources */ = {isa = PBXBuildFile; fileRef = FCF5A43A287DB5170028FBD3 /* OnboardingContainerView.swift */; };
/* End PBXBuildFile section */

/* Begin PBXFileReference section */
		0B943E235FBEAE9164E84F34 /* Pods-FenestramMessanger.release.xcconfig */ = {isa = PBXFileReference; includeInIndex = 1; lastKnownFileType = text.xcconfig; name = "Pods-FenestramMessanger.release.xcconfig"; path = "Target Support Files/Pods-FenestramMessanger/Pods-FenestramMessanger.release.xcconfig"; sourceTree = "<group>"; };
		1734F72B5ABD583B612C09E0 /* Pods-FenestramMessanger.debug.xcconfig */ = {isa = PBXFileReference; includeInIndex = 1; lastKnownFileType = text.xcconfig; name = "Pods-FenestramMessanger.debug.xcconfig"; path = "Target Support Files/Pods-FenestramMessanger/Pods-FenestramMessanger.debug.xcconfig"; sourceTree = "<group>"; };
		5752DAFE28FCB0DC00EC3AD4 /* UINavigationController+Extensions.swift */ = {isa = PBXFileReference; lastKnownFileType = sourcecode.swift; path = "UINavigationController+Extensions.swift"; sourceTree = "<group>"; };
		5752DB0028FCB26800EC3AD4 /* TabbarView.swift */ = {isa = PBXFileReference; lastKnownFileType = sourcecode.swift; path = TabbarView.swift; sourceTree = "<group>"; };
		57B6A98328A42D7C0051429F /* GoogleService-Info.plist */ = {isa = PBXFileReference; fileEncoding = 4; lastKnownFileType = text.plist.xml; path = "GoogleService-Info.plist"; sourceTree = "<group>"; };
		BD081B0028E312D300E3B48D /* splashscreen_animation.json */ = {isa = PBXFileReference; fileEncoding = 4; lastKnownFileType = text.json; path = splashscreen_animation.json; sourceTree = "<group>"; };
		BD081B0728E3167800E3B48D /* LottieView.swift */ = {isa = PBXFileReference; lastKnownFileType = sourcecode.swift; path = LottieView.swift; sourceTree = "<group>"; };
		BD08ACD528B8CC88000F923D /* FenestramMessanger.entitlements */ = {isa = PBXFileReference; lastKnownFileType = text.plist.entitlements; path = FenestramMessanger.entitlements; sourceTree = "<group>"; };
		BD0D3AE028C8C333004096A1 /* MFMessageComposeView.swift */ = {isa = PBXFileReference; lastKnownFileType = sourcecode.swift; path = MFMessageComposeView.swift; sourceTree = "<group>"; };
		BD74D87228805A860004C961 /* Montserrat-Black.ttf */ = {isa = PBXFileReference; lastKnownFileType = file; path = "Montserrat-Black.ttf"; sourceTree = "<group>"; };
		BD74D87328805A860004C961 /* Montserrat-Bold.ttf */ = {isa = PBXFileReference; lastKnownFileType = file; path = "Montserrat-Bold.ttf"; sourceTree = "<group>"; };
		BD74D87428805A860004C961 /* Montserrat-MediumItalic.ttf */ = {isa = PBXFileReference; lastKnownFileType = file; path = "Montserrat-MediumItalic.ttf"; sourceTree = "<group>"; };
		BD74D87528805A860004C961 /* Montserrat-Thin.ttf */ = {isa = PBXFileReference; lastKnownFileType = file; path = "Montserrat-Thin.ttf"; sourceTree = "<group>"; };
		BD74D87628805A860004C961 /* Montserrat-SemiBold.ttf */ = {isa = PBXFileReference; lastKnownFileType = file; path = "Montserrat-SemiBold.ttf"; sourceTree = "<group>"; };
		BD74D87728805A860004C961 /* Montserrat-ThinItalic.ttf */ = {isa = PBXFileReference; lastKnownFileType = file; path = "Montserrat-ThinItalic.ttf"; sourceTree = "<group>"; };
		BD74D87828805A860004C961 /* Montserrat-SemiBoldItalic.ttf */ = {isa = PBXFileReference; lastKnownFileType = file; path = "Montserrat-SemiBoldItalic.ttf"; sourceTree = "<group>"; };
		BD74D87928805A860004C961 /* Montserrat-ExtraBoldItalic.ttf */ = {isa = PBXFileReference; lastKnownFileType = file; path = "Montserrat-ExtraBoldItalic.ttf"; sourceTree = "<group>"; };
		BD74D87A28805A860004C961 /* Montserrat-ExtraLightItalic.ttf */ = {isa = PBXFileReference; lastKnownFileType = file; path = "Montserrat-ExtraLightItalic.ttf"; sourceTree = "<group>"; };
		BD74D87B28805A870004C961 /* Montserrat-Italic.ttf */ = {isa = PBXFileReference; lastKnownFileType = file; path = "Montserrat-Italic.ttf"; sourceTree = "<group>"; };
		BD74D87C28805A870004C961 /* Montserrat-Light.ttf */ = {isa = PBXFileReference; lastKnownFileType = file; path = "Montserrat-Light.ttf"; sourceTree = "<group>"; };
		BD74D87D28805A870004C961 /* Montserrat-LightItalic.ttf */ = {isa = PBXFileReference; lastKnownFileType = file; path = "Montserrat-LightItalic.ttf"; sourceTree = "<group>"; };
		BD74D87E28805A870004C961 /* Montserrat-ExtraLight.ttf */ = {isa = PBXFileReference; lastKnownFileType = file; path = "Montserrat-ExtraLight.ttf"; sourceTree = "<group>"; };
		BD74D87F28805A870004C961 /* Montserrat-BlackItalic.ttf */ = {isa = PBXFileReference; lastKnownFileType = file; path = "Montserrat-BlackItalic.ttf"; sourceTree = "<group>"; };
		BD74D88028805A870004C961 /* Montserrat-ExtraBold.ttf */ = {isa = PBXFileReference; lastKnownFileType = file; path = "Montserrat-ExtraBold.ttf"; sourceTree = "<group>"; };
		BD74D88128805A870004C961 /* Montserrat-BoldItalic.ttf */ = {isa = PBXFileReference; lastKnownFileType = file; path = "Montserrat-BoldItalic.ttf"; sourceTree = "<group>"; };
		BD74D88228805A870004C961 /* Montserrat-Regular.ttf */ = {isa = PBXFileReference; lastKnownFileType = file; path = "Montserrat-Regular.ttf"; sourceTree = "<group>"; };
		BD74D88328805A870004C961 /* Montserrat-Medium.ttf */ = {isa = PBXFileReference; lastKnownFileType = file; path = "Montserrat-Medium.ttf"; sourceTree = "<group>"; };
		BD74D89628805A970004C961 /* OFL.txt */ = {isa = PBXFileReference; fileEncoding = 4; lastKnownFileType = text; path = OFL.txt; sourceTree = "<group>"; };
		BD74D89828806F860004C961 /* AppDelegate.swift */ = {isa = PBXFileReference; lastKnownFileType = sourcecode.swift; path = AppDelegate.swift; sourceTree = "<group>"; };
		BD7783A62872EBB50023032D /* FenestramMessanger.app */ = {isa = PBXFileReference; explicitFileType = wrapper.application; includeInIndex = 0; path = FenestramMessanger.app; sourceTree = BUILT_PRODUCTS_DIR; };
		BD7783A92872EBB50023032D /* FenestramMessangerApp.swift */ = {isa = PBXFileReference; lastKnownFileType = sourcecode.swift; path = FenestramMessangerApp.swift; sourceTree = "<group>"; };
		BD7783AD2872EBB70023032D /* Assets.xcassets */ = {isa = PBXFileReference; lastKnownFileType = folder.assetcatalog; path = Assets.xcassets; sourceTree = "<group>"; };
		BD7783B02872EBB70023032D /* Preview Assets.xcassets */ = {isa = PBXFileReference; lastKnownFileType = folder.assetcatalog; path = "Preview Assets.xcassets"; sourceTree = "<group>"; };
		BD785F4228C202640075BC89 /* PhoneBookEntity.swift */ = {isa = PBXFileReference; lastKnownFileType = sourcecode.swift; path = PhoneBookEntity.swift; sourceTree = "<group>"; };
		BD785F4428C203760075BC89 /* ContactsRequestRouter.swift */ = {isa = PBXFileReference; lastKnownFileType = sourcecode.swift; path = ContactsRequestRouter.swift; sourceTree = "<group>"; };
		BD785F4628C204F60075BC89 /* ContactsRequestFactory.swift */ = {isa = PBXFileReference; lastKnownFileType = sourcecode.swift; path = ContactsRequestFactory.swift; sourceTree = "<group>"; };
		BD785F4828C205550075BC89 /* ContactsService.swift */ = {isa = PBXFileReference; lastKnownFileType = sourcecode.swift; path = ContactsService.swift; sourceTree = "<group>"; };
		BD785F4A28C2123D0075BC89 /* ContactEntity.swift */ = {isa = PBXFileReference; lastKnownFileType = sourcecode.swift; path = ContactEntity.swift; sourceTree = "<group>"; };
		BD785F4F28C6455E0075BC89 /* FilesRequestRouter.swift */ = {isa = PBXFileReference; lastKnownFileType = sourcecode.swift; path = FilesRequestRouter.swift; sourceTree = "<group>"; };
		BD785F5128C6499F0075BC89 /* FilesRequestFactory.swift */ = {isa = PBXFileReference; lastKnownFileType = sourcecode.swift; path = FilesRequestFactory.swift; sourceTree = "<group>"; };
		BD785F5328C64DD60075BC89 /* FileEntity.swift */ = {isa = PBXFileReference; lastKnownFileType = sourcecode.swift; path = FileEntity.swift; sourceTree = "<group>"; };
		BD785F5528C64E980075BC89 /* FilesService.swift */ = {isa = PBXFileReference; lastKnownFileType = sourcecode.swift; path = FilesService.swift; sourceTree = "<group>"; };
		BD980FB428816F940050F8B4 /* UIApplication+Extensions.swift */ = {isa = PBXFileReference; lastKnownFileType = sourcecode.swift; path = "UIApplication+Extensions.swift"; sourceTree = "<group>"; };
		BD980FB6288170B20050F8B4 /* Publishers+Extensions.swift */ = {isa = PBXFileReference; lastKnownFileType = sourcecode.swift; path = "Publishers+Extensions.swift"; sourceTree = "<group>"; };
		BD980FB8288170CC0050F8B4 /* Notification+Extensions.swift */ = {isa = PBXFileReference; lastKnownFileType = sourcecode.swift; path = "Notification+Extensions.swift"; sourceTree = "<group>"; };
		BD980FBF2881767C0050F8B4 /* SocketIOManager.swift */ = {isa = PBXFileReference; lastKnownFileType = sourcecode.swift; path = SocketIOManager.swift; sourceTree = "<group>"; };
		BDA6EAF12881D21600C96047 /* LoadingView.swift */ = {isa = PBXFileReference; lastKnownFileType = sourcecode.swift; path = LoadingView.swift; sourceTree = "<group>"; };
		BDB5DAB62888129B0057966B /* BaseResponseEntity.swift */ = {isa = PBXFileReference; lastKnownFileType = sourcecode.swift; path = BaseResponseEntity.swift; sourceTree = "<group>"; };
		BDDB5ADE2872ECBC002BF418 /* MainView.swift */ = {isa = PBXFileReference; lastKnownFileType = sourcecode.swift; path = MainView.swift; sourceTree = "<group>"; };
		BDDB5AE02872ECE2002BF418 /* MainViewModel.swift */ = {isa = PBXFileReference; lastKnownFileType = sourcecode.swift; path = MainViewModel.swift; sourceTree = "<group>"; };
		BDE74B9228801D9000F4A775 /* en */ = {isa = PBXFileReference; lastKnownFileType = text.plist.strings; name = en; path = en.lproj/Localizable.strings; sourceTree = "<group>"; };
		BDE74B9428801DA900F4A775 /* ru */ = {isa = PBXFileReference; lastKnownFileType = text.plist.strings; name = ru; path = ru.lproj/Localizable.strings; sourceTree = "<group>"; };
		BDE74B9628801E7900F4A775 /* Assets.swift */ = {isa = PBXFileReference; fileEncoding = 4; lastKnownFileType = sourcecode.swift; path = Assets.swift; sourceTree = "<group>"; };
		BDE74B9728801E7900F4A775 /* Localizable.swift */ = {isa = PBXFileReference; fileEncoding = 4; lastKnownFileType = sourcecode.swift; path = Localizable.swift; sourceTree = "<group>"; };
		BDE74B9A28801F8E00F4A775 /* Asset+Extensions.swift */ = {isa = PBXFileReference; lastKnownFileType = sourcecode.swift; path = "Asset+Extensions.swift"; sourceTree = "<group>"; };
		BDE74B9D288030A400F4A775 /* Poppins-ExtraLight.ttf */ = {isa = PBXFileReference; lastKnownFileType = file; path = "Poppins-ExtraLight.ttf"; sourceTree = "<group>"; };
		BDE74B9E288030A400F4A775 /* Poppins-ThinItalic.ttf */ = {isa = PBXFileReference; lastKnownFileType = file; path = "Poppins-ThinItalic.ttf"; sourceTree = "<group>"; };
		BDE74B9F288030A400F4A775 /* Poppins-ExtraLightItalic.ttf */ = {isa = PBXFileReference; lastKnownFileType = file; path = "Poppins-ExtraLightItalic.ttf"; sourceTree = "<group>"; };
		BDE74BA0288030A400F4A775 /* Poppins-BoldItalic.ttf */ = {isa = PBXFileReference; lastKnownFileType = file; path = "Poppins-BoldItalic.ttf"; sourceTree = "<group>"; };
		BDE74BA1288030A400F4A775 /* Poppins-Light.ttf */ = {isa = PBXFileReference; lastKnownFileType = file; path = "Poppins-Light.ttf"; sourceTree = "<group>"; };
		BDE74BA2288030A400F4A775 /* Poppins-Medium.ttf */ = {isa = PBXFileReference; lastKnownFileType = file; path = "Poppins-Medium.ttf"; sourceTree = "<group>"; };
		BDE74BA3288030A400F4A775 /* Poppins-SemiBoldItalic.ttf */ = {isa = PBXFileReference; lastKnownFileType = file; path = "Poppins-SemiBoldItalic.ttf"; sourceTree = "<group>"; };
		BDE74BA4288030A400F4A775 /* Poppins-ExtraBoldItalic.ttf */ = {isa = PBXFileReference; lastKnownFileType = file; path = "Poppins-ExtraBoldItalic.ttf"; sourceTree = "<group>"; };
		BDE74BA5288030A400F4A775 /* Poppins-ExtraBold.ttf */ = {isa = PBXFileReference; lastKnownFileType = file; path = "Poppins-ExtraBold.ttf"; sourceTree = "<group>"; };
		BDE74BA6288030A400F4A775 /* Poppins-BlackItalic.ttf */ = {isa = PBXFileReference; lastKnownFileType = file; path = "Poppins-BlackItalic.ttf"; sourceTree = "<group>"; };
		BDE74BA7288030A400F4A775 /* OFL.txt */ = {isa = PBXFileReference; fileEncoding = 4; lastKnownFileType = text; path = OFL.txt; sourceTree = "<group>"; };
		BDE74BA8288030A400F4A775 /* Poppins-Regular.ttf */ = {isa = PBXFileReference; lastKnownFileType = file; path = "Poppins-Regular.ttf"; sourceTree = "<group>"; };
		BDE74BA9288030A400F4A775 /* Poppins-LightItalic.ttf */ = {isa = PBXFileReference; lastKnownFileType = file; path = "Poppins-LightItalic.ttf"; sourceTree = "<group>"; };
		BDE74BAA288030A400F4A775 /* Poppins-Bold.ttf */ = {isa = PBXFileReference; lastKnownFileType = file; path = "Poppins-Bold.ttf"; sourceTree = "<group>"; };
		BDE74BAB288030A400F4A775 /* Poppins-Black.ttf */ = {isa = PBXFileReference; lastKnownFileType = file; path = "Poppins-Black.ttf"; sourceTree = "<group>"; };
		BDE74BAC288030A400F4A775 /* Poppins-Thin.ttf */ = {isa = PBXFileReference; lastKnownFileType = file; path = "Poppins-Thin.ttf"; sourceTree = "<group>"; };
		BDE74BAD288030A400F4A775 /* Poppins-SemiBold.ttf */ = {isa = PBXFileReference; lastKnownFileType = file; path = "Poppins-SemiBold.ttf"; sourceTree = "<group>"; };
		BDE74BAE288030A400F4A775 /* Poppins-Italic.ttf */ = {isa = PBXFileReference; lastKnownFileType = file; path = "Poppins-Italic.ttf"; sourceTree = "<group>"; };
		BDE74BAF288030A400F4A775 /* Poppins-MediumItalic.ttf */ = {isa = PBXFileReference; lastKnownFileType = file; path = "Poppins-MediumItalic.ttf"; sourceTree = "<group>"; };
		BDE74BC3288030DE00F4A775 /* Fonts.swift */ = {isa = PBXFileReference; fileEncoding = 4; lastKnownFileType = sourcecode.swift; path = Fonts.swift; sourceTree = "<group>"; };
		BDE74BC52880314D00F4A775 /* Info.plist */ = {isa = PBXFileReference; lastKnownFileType = text.plist; path = Info.plist; sourceTree = "<group>"; };
		BDF1F22428BCCFFC000D8499 /* Weak.swift */ = {isa = PBXFileReference; lastKnownFileType = sourcecode.swift; path = Weak.swift; sourceTree = "<group>"; };
		BDF1F22928BE2B9F000D8499 /* NewChatView.swift */ = {isa = PBXFileReference; lastKnownFileType = sourcecode.swift; path = NewChatView.swift; sourceTree = "<group>"; };
		BDF1F22B28BE2BAB000D8499 /* NewChatViewModel.swift */ = {isa = PBXFileReference; lastKnownFileType = sourcecode.swift; path = NewChatViewModel.swift; sourceTree = "<group>"; };
		BDF1F22E28BE42FA000D8499 /* NewChatConfirmView.swift */ = {isa = PBXFileReference; lastKnownFileType = sourcecode.swift; path = NewChatConfirmView.swift; sourceTree = "<group>"; };
		BDF1F23028BE430C000D8499 /* NewChatConfirmViewModel.swift */ = {isa = PBXFileReference; lastKnownFileType = sourcecode.swift; path = NewChatConfirmViewModel.swift; sourceTree = "<group>"; };
		BDF2E2BF287F1B1200B7E182 /* AbstractRequestRouter.swift */ = {isa = PBXFileReference; fileEncoding = 4; lastKnownFileType = sourcecode.swift; path = AbstractRequestRouter.swift; sourceTree = "<group>"; };
		BDF2E2C0287F1B1200B7E182 /* AuthRequestRouter.swift */ = {isa = PBXFileReference; fileEncoding = 4; lastKnownFileType = sourcecode.swift; path = AuthRequestRouter.swift; sourceTree = "<group>"; };
		BDF2E2C1287F1B1200B7E182 /* ProfileRequestRouter.swift */ = {isa = PBXFileReference; fileEncoding = 4; lastKnownFileType = sourcecode.swift; path = ProfileRequestRouter.swift; sourceTree = "<group>"; };
		BDF2E2C2287F1B1200B7E182 /* AuthService.swift */ = {isa = PBXFileReference; fileEncoding = 4; lastKnownFileType = sourcecode.swift; path = AuthService.swift; sourceTree = "<group>"; };
		BDF2E2C4287F1B1200B7E182 /* AbstractRequestFactory.swift */ = {isa = PBXFileReference; fileEncoding = 4; lastKnownFileType = sourcecode.swift; path = AbstractRequestFactory.swift; sourceTree = "<group>"; };
		BDF2E2C5287F1B1200B7E182 /* RequestFactory.swift */ = {isa = PBXFileReference; fileEncoding = 4; lastKnownFileType = sourcecode.swift; path = RequestFactory.swift; sourceTree = "<group>"; };
		BDF2E2C6287F1B1200B7E182 /* AuthRequestFactory.swift */ = {isa = PBXFileReference; fileEncoding = 4; lastKnownFileType = sourcecode.swift; path = AuthRequestFactory.swift; sourceTree = "<group>"; };
		BDF2E2C8287F1B1200B7E182 /* UserEntity.swift */ = {isa = PBXFileReference; fileEncoding = 4; lastKnownFileType = sourcecode.swift; path = UserEntity.swift; sourceTree = "<group>"; };
		BDF2E2CA287F1B1200B7E182 /* Constants.swift */ = {isa = PBXFileReference; fileEncoding = 4; lastKnownFileType = sourcecode.swift; path = Constants.swift; sourceTree = "<group>"; };
		BDF2E2CB287F1B1200B7E182 /* KeychainPasswordItem.swift */ = {isa = PBXFileReference; fileEncoding = 4; lastKnownFileType = sourcecode.swift; path = KeychainPasswordItem.swift; sourceTree = "<group>"; };
		BDF2E2CC287F1B1200B7E182 /* Settings.swift */ = {isa = PBXFileReference; fileEncoding = 4; lastKnownFileType = sourcecode.swift; path = Settings.swift; sourceTree = "<group>"; };
		BDF2E2CD287F1B1200B7E182 /* AuthController.swift */ = {isa = PBXFileReference; fileEncoding = 4; lastKnownFileType = sourcecode.swift; path = AuthController.swift; sourceTree = "<group>"; };
		BDF2E2CE287F1B1200B7E182 /* NetworkError.swift */ = {isa = PBXFileReference; fileEncoding = 4; lastKnownFileType = sourcecode.swift; path = NetworkError.swift; sourceTree = "<group>"; };
		BDF2E2DC287F1C0600B7E182 /* ProfileRequestFactory.swift */ = {isa = PBXFileReference; lastKnownFileType = sourcecode.swift; path = ProfileRequestFactory.swift; sourceTree = "<group>"; };
		BDF2E2E1287F1CC400B7E182 /* ProfileService.swift */ = {isa = PBXFileReference; lastKnownFileType = sourcecode.swift; path = ProfileService.swift; sourceTree = "<group>"; };
		BDF2E2E3287F207000B7E182 /* ChatRequestRouter.swift */ = {isa = PBXFileReference; lastKnownFileType = sourcecode.swift; path = ChatRequestRouter.swift; sourceTree = "<group>"; };
		BDF2E2E5287F217D00B7E182 /* ChatRequestFactory.swift */ = {isa = PBXFileReference; lastKnownFileType = sourcecode.swift; path = ChatRequestFactory.swift; sourceTree = "<group>"; };
		BDF2E2E7287F225F00B7E182 /* ChatService.swift */ = {isa = PBXFileReference; lastKnownFileType = sourcecode.swift; path = ChatService.swift; sourceTree = "<group>"; };
		BDF2E2E9287F26E300B7E182 /* ChatEntity.swift */ = {isa = PBXFileReference; lastKnownFileType = sourcecode.swift; path = ChatEntity.swift; sourceTree = "<group>"; };
		BDF2E2EC287F286A00B7E182 /* Date+Extensions.swift */ = {isa = PBXFileReference; lastKnownFileType = sourcecode.swift; path = "Date+Extensions.swift"; sourceTree = "<group>"; };
		BDF2E2EE287F29F800B7E182 /* MessageEntity.swift */ = {isa = PBXFileReference; lastKnownFileType = sourcecode.swift; path = MessageEntity.swift; sourceTree = "<group>"; };
		F33D57429665AA5A47D624DD /* Pods_FenestramMessanger.framework */ = {isa = PBXFileReference; explicitFileType = wrapper.framework; includeInIndex = 0; path = Pods_FenestramMessanger.framework; sourceTree = BUILT_PRODUCTS_DIR; };
		FC13AF3C287EC42600784E35 /* NewContactView.swift */ = {isa = PBXFileReference; lastKnownFileType = sourcecode.swift; path = NewContactView.swift; sourceTree = "<group>"; };
		FC13AF41287ECEE100784E35 /* NewContactViewModel.swift */ = {isa = PBXFileReference; lastKnownFileType = sourcecode.swift; path = NewContactViewModel.swift; sourceTree = "<group>"; };
		FC13AF44287EE78A00784E35 /* ChatViewModel.swift */ = {isa = PBXFileReference; lastKnownFileType = sourcecode.swift; path = ChatViewModel.swift; sourceTree = "<group>"; };
		FC17786D2875837300B0D979 /* AccountView.swift */ = {isa = PBXFileReference; fileEncoding = 4; lastKnownFileType = sourcecode.swift; path = AccountView.swift; sourceTree = "<group>"; };
		FC177872287583BA00B0D979 /* ImagePicker.swift */ = {isa = PBXFileReference; fileEncoding = 4; lastKnownFileType = sourcecode.swift; path = ImagePicker.swift; sourceTree = "<group>"; };
		FC177874287583CF00B0D979 /* DatePickerTextField.swift */ = {isa = PBXFileReference; lastKnownFileType = sourcecode.swift; path = DatePickerTextField.swift; sourceTree = "<group>"; };
		FC17787B2875913F00B0D979 /* PhoneViewModel.swift */ = {isa = PBXFileReference; lastKnownFileType = sourcecode.swift; path = PhoneViewModel.swift; sourceTree = "<group>"; };
		FC17787E2875919200B0D979 /* CodeViewModel.swift */ = {isa = PBXFileReference; lastKnownFileType = sourcecode.swift; path = CodeViewModel.swift; sourceTree = "<group>"; };
		FC177881287591FE00B0D979 /* AccountViewModel.swift */ = {isa = PBXFileReference; lastKnownFileType = sourcecode.swift; path = AccountViewModel.swift; sourceTree = "<group>"; };
		FC177888287592DB00B0D979 /* TextField+Extensions.swift */ = {isa = PBXFileReference; lastKnownFileType = sourcecode.swift; path = "TextField+Extensions.swift"; sourceTree = "<group>"; };
		FC17788A2875933200B0D979 /* View+Extensions.swift */ = {isa = PBXFileReference; lastKnownFileType = sourcecode.swift; path = "View+Extensions.swift"; sourceTree = "<group>"; };
		FC17788F2875A1B900B0D979 /* UIScreen+Extensions.swift */ = {isa = PBXFileReference; lastKnownFileType = sourcecode.swift; path = "UIScreen+Extensions.swift"; sourceTree = "<group>"; };
		FC1778B32876E25C00B0D979 /* Feature.swift */ = {isa = PBXFileReference; fileEncoding = 4; lastKnownFileType = sourcecode.swift; path = Feature.swift; sourceTree = "<group>"; };
		FC1778D428774BA300B0D979 /* ProfileView.swift */ = {isa = PBXFileReference; fileEncoding = 4; lastKnownFileType = sourcecode.swift; path = ProfileView.swift; sourceTree = "<group>"; };
		FC1778D528774BA300B0D979 /* CorrespondenceView.swift */ = {isa = PBXFileReference; fileEncoding = 4; lastKnownFileType = sourcecode.swift; path = CorrespondenceView.swift; sourceTree = "<group>"; };
		FC1778D628774BA300B0D979 /* ContactsView.swift */ = {isa = PBXFileReference; fileEncoding = 4; lastKnownFileType = sourcecode.swift; path = ContactsView.swift; sourceTree = "<group>"; };
		FC1EA8FE287F3CE10027107E /* SplashScreen.swift */ = {isa = PBXFileReference; lastKnownFileType = sourcecode.swift; path = SplashScreen.swift; sourceTree = "<group>"; };
		FC305CC3289AE731001ED651 /* CustomTextField.swift */ = {isa = PBXFileReference; lastKnownFileType = sourcecode.swift; path = CustomTextField.swift; sourceTree = "<group>"; };
		FC3A2B4028902DDE006E0948 /* CorrespondenceNavigationView.swift */ = {isa = PBXFileReference; lastKnownFileType = sourcecode.swift; path = CorrespondenceNavigationView.swift; sourceTree = "<group>"; };
		FC3A2B42289032ED006E0948 /* MessageStyleView.swift */ = {isa = PBXFileReference; lastKnownFileType = sourcecode.swift; path = MessageStyleView.swift; sourceTree = "<group>"; };
		FC3A2B4F28917348006E0948 /* PhotoEntity.swift */ = {isa = PBXFileReference; lastKnownFileType = sourcecode.swift; path = PhotoEntity.swift; sourceTree = "<group>"; };
		FC3A2B512891743E006E0948 /* FileView.swift */ = {isa = PBXFileReference; lastKnownFileType = sourcecode.swift; path = FileView.swift; sourceTree = "<group>"; };
		FC3A2B542891747C006E0948 /* FileViewModel.swift */ = {isa = PBXFileReference; lastKnownFileType = sourcecode.swift; path = FileViewModel.swift; sourceTree = "<group>"; };
		FC3A2B56289174EF006E0948 /* FileNavigationView.swift */ = {isa = PBXFileReference; lastKnownFileType = sourcecode.swift; path = FileNavigationView.swift; sourceTree = "<group>"; };
		FC600B2128787E74001CA2BD /* ProfileViewModel.swift */ = {isa = PBXFileReference; lastKnownFileType = sourcecode.swift; path = ProfileViewModel.swift; sourceTree = "<group>"; };
		FC600B2428788E7F001CA2BD /* SettingsView.swift */ = {isa = PBXFileReference; lastKnownFileType = sourcecode.swift; path = SettingsView.swift; sourceTree = "<group>"; };
		FC600B2628788E87001CA2BD /* SettingsViewModel.swift */ = {isa = PBXFileReference; lastKnownFileType = sourcecode.swift; path = SettingsViewModel.swift; sourceTree = "<group>"; };
		FC7A570F2891990D00ABF7BF /* PageContactView.swift */ = {isa = PBXFileReference; lastKnownFileType = sourcecode.swift; path = PageContactView.swift; sourceTree = "<group>"; };
		FC7A57112891991B00ABF7BF /* PageContactViewModel.swift */ = {isa = PBXFileReference; lastKnownFileType = sourcecode.swift; path = PageContactViewModel.swift; sourceTree = "<group>"; };
		FC7A57142891AE3A00ABF7BF /* ImagesView.swift */ = {isa = PBXFileReference; lastKnownFileType = sourcecode.swift; path = ImagesView.swift; sourceTree = "<group>"; };
		FC7A57162891AE5700ABF7BF /* ImagesNavigationView.swift */ = {isa = PBXFileReference; lastKnownFileType = sourcecode.swift; path = ImagesNavigationView.swift; sourceTree = "<group>"; };
		FCD305992886A61F00491220 /* File.swift */ = {isa = PBXFileReference; lastKnownFileType = sourcecode.swift; path = File.swift; sourceTree = "<group>"; };
		FCD3059F2886E68400491220 /* CorrespondenceViewModel.swift */ = {isa = PBXFileReference; lastKnownFileType = sourcecode.swift; path = CorrespondenceViewModel.swift; sourceTree = "<group>"; };
		FCD305A1288968FC00491220 /* AlertView.swift */ = {isa = PBXFileReference; lastKnownFileType = sourcecode.swift; path = AlertView.swift; sourceTree = "<group>"; };
		FCEE882328743FFC00268971 /* PhoneView.swift */ = {isa = PBXFileReference; lastKnownFileType = sourcecode.swift; path = PhoneView.swift; sourceTree = "<group>"; };
		FCEE88252874400700268971 /* CodeView.swift */ = {isa = PBXFileReference; lastKnownFileType = sourcecode.swift; path = CodeView.swift; sourceTree = "<group>"; };
		FCF5A4342878AD2C0028FBD3 /* ContactsViewModel.swift */ = {isa = PBXFileReference; lastKnownFileType = sourcecode.swift; path = ContactsViewModel.swift; sourceTree = "<group>"; };
		FCF5A43628798EB70028FBD3 /* ChatView.swift */ = {isa = PBXFileReference; lastKnownFileType = sourcecode.swift; path = ChatView.swift; sourceTree = "<group>"; };
		FCF5A43A287DB5170028FBD3 /* OnboardingContainerView.swift */ = {isa = PBXFileReference; lastKnownFileType = sourcecode.swift; path = OnboardingContainerView.swift; sourceTree = "<group>"; };
/* End PBXFileReference section */

/* Begin PBXFrameworksBuildPhase section */
		BD7783A32872EBB50023032D /* Frameworks */ = {
			isa = PBXFrameworksBuildPhase;
			buildActionMask = 2147483647;
			files = (
				FCD3059D2886ADCB00491220 /* BottomSheet in Frameworks */,
				BD0D3ADC28C767E4004096A1 /* iPhoneNumberField in Frameworks */,
				BD081B0628E3163200E3B48D /* Lottie in Frameworks */,
				BD785F4E28C61D080075BC89 /* Kingfisher in Frameworks */,
				FC17786C2875831700B0D979 /* Introspect in Frameworks */,
				6D3B8991ABEEC255BD8A2A57 /* Pods_FenestramMessanger.framework in Frameworks */,
				BD0D3ADF28C8B07E004096A1 /* AlertToast in Frameworks */,
				BD980FBD288176280050F8B4 /* SocketIO in Frameworks */,
				BDF2E2E0287F1C1C00B7E182 /* Alamofire in Frameworks */,
			);
			runOnlyForDeploymentPostprocessing = 0;
		};
/* End PBXFrameworksBuildPhase section */

/* Begin PBXGroup section */
		B6AD8D52C77BF63683AA7FB8 /* Pods */ = {
			isa = PBXGroup;
			children = (
				1734F72B5ABD583B612C09E0 /* Pods-FenestramMessanger.debug.xcconfig */,
				0B943E235FBEAE9164E84F34 /* Pods-FenestramMessanger.release.xcconfig */,
			);
			path = Pods;
			sourceTree = "<group>";
		};
		BD081AFF28E312C400E3B48D /* Animations */ = {
			isa = PBXGroup;
			children = (
				BD081B0028E312D300E3B48D /* splashscreen_animation.json */,
			);
			path = Animations;
			sourceTree = "<group>";
		};
		BD74D87028805A5D0004C961 /* Fonts */ = {
			isa = PBXGroup;
			children = (
				BD74D87128805A770004C961 /* Montserrat */,
				BDE74B9C288030A400F4A775 /* Poppins */,
			);
			path = Fonts;
			sourceTree = "<group>";
		};
		BD74D87128805A770004C961 /* Montserrat */ = {
			isa = PBXGroup;
			children = (
				BD74D89628805A970004C961 /* OFL.txt */,
				BD74D87228805A860004C961 /* Montserrat-Black.ttf */,
				BD74D87F28805A870004C961 /* Montserrat-BlackItalic.ttf */,
				BD74D87328805A860004C961 /* Montserrat-Bold.ttf */,
				BD74D88128805A870004C961 /* Montserrat-BoldItalic.ttf */,
				BD74D88028805A870004C961 /* Montserrat-ExtraBold.ttf */,
				BD74D87928805A860004C961 /* Montserrat-ExtraBoldItalic.ttf */,
				BD74D87E28805A870004C961 /* Montserrat-ExtraLight.ttf */,
				BD74D87A28805A860004C961 /* Montserrat-ExtraLightItalic.ttf */,
				BD74D87B28805A870004C961 /* Montserrat-Italic.ttf */,
				BD74D87C28805A870004C961 /* Montserrat-Light.ttf */,
				BD74D87D28805A870004C961 /* Montserrat-LightItalic.ttf */,
				BD74D88328805A870004C961 /* Montserrat-Medium.ttf */,
				BD74D87428805A860004C961 /* Montserrat-MediumItalic.ttf */,
				BD74D88228805A870004C961 /* Montserrat-Regular.ttf */,
				BD74D87628805A860004C961 /* Montserrat-SemiBold.ttf */,
				BD74D87828805A860004C961 /* Montserrat-SemiBoldItalic.ttf */,
				BD74D87528805A860004C961 /* Montserrat-Thin.ttf */,
				BD74D87728805A860004C961 /* Montserrat-ThinItalic.ttf */,
			);
			path = Montserrat;
			sourceTree = "<group>";
		};
		BD77839D2872EBB50023032D = {
			isa = PBXGroup;
			children = (
				BD7783A82872EBB50023032D /* FenestramMessanger */,
				BD7783A72872EBB50023032D /* Products */,
				B6AD8D52C77BF63683AA7FB8 /* Pods */,
				ED4804DE046C824392FE4B2B /* Frameworks */,
			);
			sourceTree = "<group>";
		};
		BD7783A72872EBB50023032D /* Products */ = {
			isa = PBXGroup;
			children = (
				BD7783A62872EBB50023032D /* FenestramMessanger.app */,
			);
			name = Products;
			sourceTree = "<group>";
		};
		BD7783A82872EBB50023032D /* FenestramMessanger */ = {
			isa = PBXGroup;
			children = (
				BD08ACD528B8CC88000F923D /* FenestramMessanger.entitlements */,
				BDE74BC52880314D00F4A775 /* Info.plist */,
				BDF2E2BC287F1B1200B7E182 /* Core */,
				BDDB5ADD2872ECAA002BF418 /* Modules */,
				BDE74B8C28801CA000F4A775 /* Resources */,
				BD7783A92872EBB50023032D /* FenestramMessangerApp.swift */,
				BD74D89828806F860004C961 /* AppDelegate.swift */,
				57B6A98328A42D7C0051429F /* GoogleService-Info.plist */,
				BD7783AF2872EBB70023032D /* Preview Content */,
			);
			path = FenestramMessanger;
			sourceTree = "<group>";
		};
		BD7783AF2872EBB70023032D /* Preview Content */ = {
			isa = PBXGroup;
			children = (
				BD7783B02872EBB70023032D /* Preview Assets.xcassets */,
			);
			path = "Preview Content";
			sourceTree = "<group>";
		};
		BD980FB328816F470050F8B4 /* CustomViews */ = {
			isa = PBXGroup;
			children = (
				FC177874287583CF00B0D979 /* DatePickerTextField.swift */,
				FC177872287583BA00B0D979 /* ImagePicker.swift */,
				BDA6EAF12881D21600C96047 /* LoadingView.swift */,
				FCD305A1288968FC00491220 /* AlertView.swift */,
				FC3A2B4028902DDE006E0948 /* CorrespondenceNavigationView.swift */,
				FC3A2B42289032ED006E0948 /* MessageStyleView.swift */,
				FC3A2B56289174EF006E0948 /* FileNavigationView.swift */,
				FC7A57162891AE5700ABF7BF /* ImagesNavigationView.swift */,
				FC305CC3289AE731001ED651 /* CustomTextField.swift */,
				BD0D3AE028C8C333004096A1 /* MFMessageComposeView.swift */,
				BD081B0728E3167800E3B48D /* LottieView.swift */,
			);
			path = CustomViews;
			sourceTree = "<group>";
		};
		BD980FBA288171C00050F8B4 /* RestAPI */ = {
			isa = PBXGroup;
			children = (
				BDF2E2BE287F1B1200B7E182 /* RequestRouter */,
				BDF2E2C3287F1B1200B7E182 /* Factory */,
				BDF2E2C2287F1B1200B7E182 /* AuthService.swift */,
				BDF2E2E1287F1CC400B7E182 /* ProfileService.swift */,
				BDF2E2E7287F225F00B7E182 /* ChatService.swift */,
				BD785F4828C205550075BC89 /* ContactsService.swift */,
				BD785F5528C64E980075BC89 /* FilesService.swift */,
			);
			path = RestAPI;
			sourceTree = "<group>";
		};
		BD980FBE288176300050F8B4 /* Socket */ = {
			isa = PBXGroup;
			children = (
				BD980FBF2881767C0050F8B4 /* SocketIOManager.swift */,
			);
			path = Socket;
			sourceTree = "<group>";
		};
		BDDB5ADD2872ECAA002BF418 /* Modules */ = {
			isa = PBXGroup;
			children = (
				BDF1F22D28BE42E2000D8499 /* NewChatConfirm */,
				BDF1F22828BE2B5D000D8499 /* NewChat */,
				FC7A57132891AE2D00ABF7BF /* Images */,
				FC3A2B5828919895006E0948 /* Page Contact */,
				FC3A2B532891745A006E0948 /* File */,
				FCD3059E2886E66100491220 /* Correspondence */,
				FC13AF43287EE76000784E35 /* Chat */,
				FC13AF40287ECEC500784E35 /* New Contact */,
				FCF5A42D287897490028FBD3 /* Contacts */,
				FC600B2328788E6B001CA2BD /* Settings */,
				FC600B2028787E4F001CA2BD /* Profile */,
				FC1778C628774B0300B0D979 /* TabBar */,
				FC1778AA2876E21800B0D979 /* Onboarding */,
				BDDB5AE72872EDCF002BF418 /* Main */,
				BDDB5AE22872ECEC002BF418 /* Auth */,
				FC1EA8FE287F3CE10027107E /* SplashScreen.swift */,
			);
			path = Modules;
			sourceTree = "<group>";
		};
		BDDB5AE22872ECEC002BF418 /* Auth */ = {
			isa = PBXGroup;
			children = (
				FC177880287591CA00B0D979 /* Account */,
				FC17787D2875915E00B0D979 /* Code */,
				FC17787A28758E8C00B0D979 /* Phone */,
			);
			path = Auth;
			sourceTree = "<group>";
		};
		BDDB5AE72872EDCF002BF418 /* Main */ = {
			isa = PBXGroup;
			children = (
				BDDB5ADE2872ECBC002BF418 /* MainView.swift */,
				BDDB5AE02872ECE2002BF418 /* MainViewModel.swift */,
			);
			path = Main;
			sourceTree = "<group>";
		};
		BDE74B8C28801CA000F4A775 /* Resources */ = {
			isa = PBXGroup;
			children = (
				BD081AFF28E312C400E3B48D /* Animations */,
				BD74D87028805A5D0004C961 /* Fonts */,
				BDE74B8D28801CAD00F4A775 /* Generated */,
				BD7783AD2872EBB70023032D /* Assets.xcassets */,
				BDE74B9328801D9000F4A775 /* Localizable.strings */,
			);
			path = Resources;
			sourceTree = "<group>";
		};
		BDE74B8D28801CAD00F4A775 /* Generated */ = {
			isa = PBXGroup;
			children = (
				BDE74B9628801E7900F4A775 /* Assets.swift */,
				BDE74B9728801E7900F4A775 /* Localizable.swift */,
				BDE74BC3288030DE00F4A775 /* Fonts.swift */,
			);
			path = Generated;
			sourceTree = "<group>";
		};
		BDE74B9C288030A400F4A775 /* Poppins */ = {
			isa = PBXGroup;
			children = (
				BDE74BA7288030A400F4A775 /* OFL.txt */,
				BDE74B9D288030A400F4A775 /* Poppins-ExtraLight.ttf */,
				BDE74B9E288030A400F4A775 /* Poppins-ThinItalic.ttf */,
				BDE74B9F288030A400F4A775 /* Poppins-ExtraLightItalic.ttf */,
				BDE74BA0288030A400F4A775 /* Poppins-BoldItalic.ttf */,
				BDE74BA1288030A400F4A775 /* Poppins-Light.ttf */,
				BDE74BA2288030A400F4A775 /* Poppins-Medium.ttf */,
				BDE74BA3288030A400F4A775 /* Poppins-SemiBoldItalic.ttf */,
				BDE74BA4288030A400F4A775 /* Poppins-ExtraBoldItalic.ttf */,
				BDE74BA5288030A400F4A775 /* Poppins-ExtraBold.ttf */,
				BDE74BA6288030A400F4A775 /* Poppins-BlackItalic.ttf */,
				BDE74BA8288030A400F4A775 /* Poppins-Regular.ttf */,
				BDE74BA9288030A400F4A775 /* Poppins-LightItalic.ttf */,
				BDE74BAA288030A400F4A775 /* Poppins-Bold.ttf */,
				BDE74BAB288030A400F4A775 /* Poppins-Black.ttf */,
				BDE74BAC288030A400F4A775 /* Poppins-Thin.ttf */,
				BDE74BAD288030A400F4A775 /* Poppins-SemiBold.ttf */,
				BDE74BAE288030A400F4A775 /* Poppins-Italic.ttf */,
				BDE74BAF288030A400F4A775 /* Poppins-MediumItalic.ttf */,
			);
			path = Poppins;
			sourceTree = "<group>";
		};
		BDF1F22828BE2B5D000D8499 /* NewChat */ = {
			isa = PBXGroup;
			children = (
				BDF1F22928BE2B9F000D8499 /* NewChatView.swift */,
				BDF1F22B28BE2BAB000D8499 /* NewChatViewModel.swift */,
			);
			path = NewChat;
			sourceTree = "<group>";
		};
		BDF1F22D28BE42E2000D8499 /* NewChatConfirm */ = {
			isa = PBXGroup;
			children = (
				BDF1F22E28BE42FA000D8499 /* NewChatConfirmView.swift */,
				BDF1F23028BE430C000D8499 /* NewChatConfirmViewModel.swift */,
			);
			path = NewChatConfirm;
			sourceTree = "<group>";
		};
		BDF2E2BC287F1B1200B7E182 /* Core */ = {
			isa = PBXGroup;
			children = (
				BDF2E2EB287F285400B7E182 /* Extensions */,
				BDF2E2BD287F1B1200B7E182 /* Network */,
				BDF2E2C7287F1B1200B7E182 /* Models */,
				BDF2E2C9287F1B1200B7E182 /* Helpers */,
			);
			path = Core;
			sourceTree = "<group>";
		};
		BDF2E2BD287F1B1200B7E182 /* Network */ = {
			isa = PBXGroup;
			children = (
				BD980FBA288171C00050F8B4 /* RestAPI */,
				BD980FBE288176300050F8B4 /* Socket */,
			);
			path = Network;
			sourceTree = "<group>";
		};
		BDF2E2BE287F1B1200B7E182 /* RequestRouter */ = {
			isa = PBXGroup;
			children = (
				BDF2E2BF287F1B1200B7E182 /* AbstractRequestRouter.swift */,
				BDF2E2C0287F1B1200B7E182 /* AuthRequestRouter.swift */,
				BDF2E2C1287F1B1200B7E182 /* ProfileRequestRouter.swift */,
				BDF2E2E3287F207000B7E182 /* ChatRequestRouter.swift */,
				BD785F4428C203760075BC89 /* ContactsRequestRouter.swift */,
				BD785F4F28C6455E0075BC89 /* FilesRequestRouter.swift */,
			);
			path = RequestRouter;
			sourceTree = "<group>";
		};
		BDF2E2C3287F1B1200B7E182 /* Factory */ = {
			isa = PBXGroup;
			children = (
				BDF2E2C5287F1B1200B7E182 /* RequestFactory.swift */,
				BDF2E2C4287F1B1200B7E182 /* AbstractRequestFactory.swift */,
				BDF2E2C6287F1B1200B7E182 /* AuthRequestFactory.swift */,
				BDF2E2DC287F1C0600B7E182 /* ProfileRequestFactory.swift */,
				BDF2E2E5287F217D00B7E182 /* ChatRequestFactory.swift */,
				BD785F4628C204F60075BC89 /* ContactsRequestFactory.swift */,
				BD785F5128C6499F0075BC89 /* FilesRequestFactory.swift */,
			);
			path = Factory;
			sourceTree = "<group>";
		};
		BDF2E2C7287F1B1200B7E182 /* Models */ = {
			isa = PBXGroup;
			children = (
				BDF2E2C8287F1B1200B7E182 /* UserEntity.swift */,
				BDF2E2E9287F26E300B7E182 /* ChatEntity.swift */,
				BDF2E2EE287F29F800B7E182 /* MessageEntity.swift */,
				BDB5DAB62888129B0057966B /* BaseResponseEntity.swift */,
				FC3A2B4F28917348006E0948 /* PhotoEntity.swift */,
				BD785F4228C202640075BC89 /* PhoneBookEntity.swift */,
				BD785F4A28C2123D0075BC89 /* ContactEntity.swift */,
				BD785F5328C64DD60075BC89 /* FileEntity.swift */,
			);
			path = Models;
			sourceTree = "<group>";
		};
		BDF2E2C9287F1B1200B7E182 /* Helpers */ = {
			isa = PBXGroup;
			children = (
				BD980FB328816F470050F8B4 /* CustomViews */,
				BDF2E2CA287F1B1200B7E182 /* Constants.swift */,
				BDF2E2CB287F1B1200B7E182 /* KeychainPasswordItem.swift */,
				BDF2E2CC287F1B1200B7E182 /* Settings.swift */,
				BDF2E2CD287F1B1200B7E182 /* AuthController.swift */,
				BDF2E2CE287F1B1200B7E182 /* NetworkError.swift */,
				BDF1F22428BCCFFC000D8499 /* Weak.swift */,
			);
			path = Helpers;
			sourceTree = "<group>";
		};
		BDF2E2EB287F285400B7E182 /* Extensions */ = {
			isa = PBXGroup;
			children = (
				BDE74B9A28801F8E00F4A775 /* Asset+Extensions.swift */,
				BDF2E2EC287F286A00B7E182 /* Date+Extensions.swift */,
				FC177888287592DB00B0D979 /* TextField+Extensions.swift */,
				BD980FB428816F940050F8B4 /* UIApplication+Extensions.swift */,
				FC17788A2875933200B0D979 /* View+Extensions.swift */,
				FC17788F2875A1B900B0D979 /* UIScreen+Extensions.swift */,
				BD980FB6288170B20050F8B4 /* Publishers+Extensions.swift */,
				BD980FB8288170CC0050F8B4 /* Notification+Extensions.swift */,
				5752DAFE28FCB0DC00EC3AD4 /* UINavigationController+Extensions.swift */,
			);
			path = Extensions;
			sourceTree = "<group>";
		};
		ED4804DE046C824392FE4B2B /* Frameworks */ = {
			isa = PBXGroup;
			children = (
				F33D57429665AA5A47D624DD /* Pods_FenestramMessanger.framework */,
			);
			name = Frameworks;
			sourceTree = "<group>";
		};
		FC13AF40287ECEC500784E35 /* New Contact */ = {
			isa = PBXGroup;
			children = (
				FC13AF3C287EC42600784E35 /* NewContactView.swift */,
				FC13AF41287ECEE100784E35 /* NewContactViewModel.swift */,
			);
			path = "New Contact";
			sourceTree = "<group>";
		};
		FC13AF43287EE76000784E35 /* Chat */ = {
			isa = PBXGroup;
			children = (
				FC1EA90028855CD60027107E /* View */,
				FC13AF44287EE78A00784E35 /* ChatViewModel.swift */,
				FCD305992886A61F00491220 /* File.swift */,
			);
			path = Chat;
			sourceTree = "<group>";
		};
		FC17787A28758E8C00B0D979 /* Phone */ = {
			isa = PBXGroup;
			children = (
				FCEE882328743FFC00268971 /* PhoneView.swift */,
				FC17787B2875913F00B0D979 /* PhoneViewModel.swift */,
			);
			path = Phone;
			sourceTree = "<group>";
		};
		FC17787D2875915E00B0D979 /* Code */ = {
			isa = PBXGroup;
			children = (
				FCEE88252874400700268971 /* CodeView.swift */,
				FC17787E2875919200B0D979 /* CodeViewModel.swift */,
			);
			path = Code;
			sourceTree = "<group>";
		};
		FC177880287591CA00B0D979 /* Account */ = {
			isa = PBXGroup;
			children = (
				FC17786D2875837300B0D979 /* AccountView.swift */,
				FC177881287591FE00B0D979 /* AccountViewModel.swift */,
			);
			path = Account;
			sourceTree = "<group>";
		};
		FC1778AA2876E21800B0D979 /* Onboarding */ = {
			isa = PBXGroup;
			children = (
				FC1778B22876E24B00B0D979 /* OnbordingExtension */,
				FC1778AB2876E22300B0D979 /* OnboardingView */,
			);
			path = Onboarding;
			sourceTree = "<group>";
		};
		FC1778AB2876E22300B0D979 /* OnboardingView */ = {
			isa = PBXGroup;
			children = (
				FCF5A43A287DB5170028FBD3 /* OnboardingContainerView.swift */,
			);
			path = OnboardingView;
			sourceTree = "<group>";
		};
		FC1778B22876E24B00B0D979 /* OnbordingExtension */ = {
			isa = PBXGroup;
			children = (
				FC1778B32876E25C00B0D979 /* Feature.swift */,
			);
			path = OnbordingExtension;
			sourceTree = "<group>";
		};
		FC1778C628774B0300B0D979 /* TabBar */ = {
			isa = PBXGroup;
			children = (
				5752DB0028FCB26800EC3AD4 /* TabbarView.swift */,
			);
			path = TabBar;
			sourceTree = "<group>";
		};
		FC1EA90028855CD60027107E /* View */ = {
			isa = PBXGroup;
			children = (
				FCF5A43628798EB70028FBD3 /* ChatView.swift */,
			);
			path = View;
			sourceTree = "<group>";
		};
		FC3A2B532891745A006E0948 /* File */ = {
			isa = PBXGroup;
			children = (
				FC3A2B512891743E006E0948 /* FileView.swift */,
				FC3A2B542891747C006E0948 /* FileViewModel.swift */,
			);
			path = File;
			sourceTree = "<group>";
		};
		FC3A2B5828919895006E0948 /* Page Contact */ = {
			isa = PBXGroup;
			children = (
				FC7A570F2891990D00ABF7BF /* PageContactView.swift */,
				FC7A57112891991B00ABF7BF /* PageContactViewModel.swift */,
			);
			path = "Page Contact";
			sourceTree = "<group>";
		};
		FC600B2028787E4F001CA2BD /* Profile */ = {
			isa = PBXGroup;
			children = (
				FC1778D428774BA300B0D979 /* ProfileView.swift */,
				FC600B2128787E74001CA2BD /* ProfileViewModel.swift */,
			);
			path = Profile;
			sourceTree = "<group>";
		};
		FC600B2328788E6B001CA2BD /* Settings */ = {
			isa = PBXGroup;
			children = (
				FC600B2428788E7F001CA2BD /* SettingsView.swift */,
				FC600B2628788E87001CA2BD /* SettingsViewModel.swift */,
			);
			path = Settings;
			sourceTree = "<group>";
		};
		FC7A57132891AE2D00ABF7BF /* Images */ = {
			isa = PBXGroup;
			children = (
				FC7A57142891AE3A00ABF7BF /* ImagesView.swift */,
			);
			path = Images;
			sourceTree = "<group>";
		};
		FCD3059E2886E66100491220 /* Correspondence */ = {
			isa = PBXGroup;
			children = (
				FC1778D528774BA300B0D979 /* CorrespondenceView.swift */,
				FCD3059F2886E68400491220 /* CorrespondenceViewModel.swift */,
			);
			path = Correspondence;
			sourceTree = "<group>";
		};
		FCF5A42D287897490028FBD3 /* Contacts */ = {
			isa = PBXGroup;
			children = (
				FC1778D628774BA300B0D979 /* ContactsView.swift */,
				FCF5A4342878AD2C0028FBD3 /* ContactsViewModel.swift */,
			);
			path = Contacts;
			sourceTree = "<group>";
		};
/* End PBXGroup section */

/* Begin PBXNativeTarget section */
		BD7783A52872EBB50023032D /* FenestramMessanger */ = {
			isa = PBXNativeTarget;
			buildConfigurationList = BD7783B42872EBB70023032D /* Build configuration list for PBXNativeTarget "FenestramMessanger" */;
			buildPhases = (
				EB4284114BD79156C1D61B58 /* [CP] Check Pods Manifest.lock */,
				BD7783A22872EBB50023032D /* Sources */,
				BD7783A32872EBB50023032D /* Frameworks */,
				BD7783A42872EBB50023032D /* Resources */,
				BDE74B9528801E3100F4A775 /* ShellScript */,
				A06FAA96867CABA14D80A17F /* [CP] Embed Pods Frameworks */,
			);
			buildRules = (
			);
			dependencies = (
			);
			name = FenestramMessanger;
			packageProductDependencies = (
				FC17786B2875831700B0D979 /* Introspect */,
				BDF2E2DF287F1C1C00B7E182 /* Alamofire */,
				BD980FBC288176280050F8B4 /* SocketIO */,
				FCD3059C2886ADCB00491220 /* BottomSheet */,
				BD785F4D28C61D080075BC89 /* Kingfisher */,
				BD0D3ADB28C767E4004096A1 /* iPhoneNumberField */,
				BD0D3ADE28C8B07E004096A1 /* AlertToast */,
				BD081B0528E3163200E3B48D /* Lottie */,
			);
			productName = FenestramMessanger;
			productReference = BD7783A62872EBB50023032D /* FenestramMessanger.app */;
			productType = "com.apple.product-type.application";
		};
/* End PBXNativeTarget section */

/* Begin PBXProject section */
		BD77839E2872EBB50023032D /* Project object */ = {
			isa = PBXProject;
			attributes = {
				BuildIndependentTargetsInParallel = 1;
				LastSwiftUpdateCheck = 1340;
				LastUpgradeCheck = 1340;
				ORGANIZATIONNAME = "";
				TargetAttributes = {
					BD7783A52872EBB50023032D = {
						CreatedOnToolsVersion = 13.4.1;
					};
				};
			};
			buildConfigurationList = BD7783A12872EBB50023032D /* Build configuration list for PBXProject "FenestramMessanger" */;
			compatibilityVersion = "Xcode 13.0";
			developmentRegion = en;
			hasScannedForEncodings = 0;
			knownRegions = (
				en,
				Base,
				ru,
			);
			mainGroup = BD77839D2872EBB50023032D;
			packageReferences = (
				FC17786A2875831700B0D979 /* XCRemoteSwiftPackageReference "SwiftUI-Introspect" */,
				BDF2E2DE287F1C1C00B7E182 /* XCRemoteSwiftPackageReference "Alamofire" */,
				BD980FBB288176280050F8B4 /* XCRemoteSwiftPackageReference "socket" */,
				FCD3059B2886ADCA00491220 /* XCRemoteSwiftPackageReference "BottomSheet" */,
				BD785F4C28C61D080075BC89 /* XCRemoteSwiftPackageReference "Kingfisher" */,
				BD0D3ADA28C767E4004096A1 /* XCRemoteSwiftPackageReference "iPhoneNumberField" */,
				BD0D3ADD28C8B07D004096A1 /* XCRemoteSwiftPackageReference "AlertToast" */,
				BD081B0428E3163200E3B48D /* XCRemoteSwiftPackageReference "lottie-ios" */,
			);
			productRefGroup = BD7783A72872EBB50023032D /* Products */;
			projectDirPath = "";
			projectRoot = "";
			targets = (
				BD7783A52872EBB50023032D /* FenestramMessanger */,
			);
		};
/* End PBXProject section */

/* Begin PBXResourcesBuildPhase section */
		BD7783A42872EBB50023032D /* Resources */ = {
			isa = PBXResourcesBuildPhase;
			buildActionMask = 2147483647;
			files = (
				BDE74BBF288030A400F4A775 /* Poppins-Thin.ttf in Resources */,
				BDE74BC2288030A400F4A775 /* Poppins-MediumItalic.ttf in Resources */,
				BD74D88D28805A880004C961 /* Montserrat-Italic.ttf in Resources */,
				BDE74BB2288030A400F4A775 /* Poppins-ExtraLightItalic.ttf in Resources */,
				BDE74BB9288030A400F4A775 /* Poppins-BlackItalic.ttf in Resources */,
				BD74D89528805A880004C961 /* Montserrat-Medium.ttf in Resources */,
				BD74D89428805A880004C961 /* Montserrat-Regular.ttf in Resources */,
				BD74D88E28805A880004C961 /* Montserrat-Light.ttf in Resources */,
				BDE74BB0288030A400F4A775 /* Poppins-ExtraLight.ttf in Resources */,
				BD74D88828805A880004C961 /* Montserrat-SemiBold.ttf in Resources */,
				BD74D89128805A880004C961 /* Montserrat-BlackItalic.ttf in Resources */,
				BDE74BC0288030A400F4A775 /* Poppins-SemiBold.ttf in Resources */,
				BDE74BB3288030A400F4A775 /* Poppins-BoldItalic.ttf in Resources */,
				BDE74BB4288030A400F4A775 /* Poppins-Light.ttf in Resources */,
				BDE74BBE288030A400F4A775 /* Poppins-Black.ttf in Resources */,
				BD74D88428805A880004C961 /* Montserrat-Black.ttf in Resources */,
				BDE74BC1288030A400F4A775 /* Poppins-Italic.ttf in Resources */,
				57B6A98428A42D7C0051429F /* GoogleService-Info.plist in Resources */,
				BDE74BB8288030A400F4A775 /* Poppins-ExtraBold.ttf in Resources */,
				BDE74BBC288030A400F4A775 /* Poppins-LightItalic.ttf in Resources */,
				BD74D88728805A880004C961 /* Montserrat-Thin.ttf in Resources */,
				BD74D88A28805A880004C961 /* Montserrat-SemiBoldItalic.ttf in Resources */,
				BD7783B12872EBB70023032D /* Preview Assets.xcassets in Resources */,
				BD74D88628805A880004C961 /* Montserrat-MediumItalic.ttf in Resources */,
				BDE74BB6288030A400F4A775 /* Poppins-SemiBoldItalic.ttf in Resources */,
				BDE74BBB288030A400F4A775 /* Poppins-Regular.ttf in Resources */,
				BDE74BB7288030A400F4A775 /* Poppins-ExtraBoldItalic.ttf in Resources */,
				BD74D89028805A880004C961 /* Montserrat-ExtraLight.ttf in Resources */,
				BDE74BBD288030A400F4A775 /* Poppins-Bold.ttf in Resources */,
				BD74D88928805A880004C961 /* Montserrat-ThinItalic.ttf in Resources */,
				BDE74BB1288030A400F4A775 /* Poppins-ThinItalic.ttf in Resources */,
				BD74D88528805A880004C961 /* Montserrat-Bold.ttf in Resources */,
				BD74D88C28805A880004C961 /* Montserrat-ExtraLightItalic.ttf in Resources */,
				BDE74BB5288030A400F4A775 /* Poppins-Medium.ttf in Resources */,
				BD74D89328805A880004C961 /* Montserrat-BoldItalic.ttf in Resources */,
				BD74D88F28805A880004C961 /* Montserrat-LightItalic.ttf in Resources */,
				BD74D88B28805A880004C961 /* Montserrat-ExtraBoldItalic.ttf in Resources */,
				BDE74B9128801D9000F4A775 /* Localizable.strings in Resources */,
				BD7783AE2872EBB70023032D /* Assets.xcassets in Resources */,
				BD74D89228805A880004C961 /* Montserrat-ExtraBold.ttf in Resources */,
				BD081B0128E312D300E3B48D /* splashscreen_animation.json in Resources */,
			);
			runOnlyForDeploymentPostprocessing = 0;
		};
/* End PBXResourcesBuildPhase section */

/* Begin PBXShellScriptBuildPhase section */
		A06FAA96867CABA14D80A17F /* [CP] Embed Pods Frameworks */ = {
			isa = PBXShellScriptBuildPhase;
			buildActionMask = 2147483647;
			files = (
			);
			inputFileListPaths = (
				"${PODS_ROOT}/Target Support Files/Pods-FenestramMessanger/Pods-FenestramMessanger-frameworks-${CONFIGURATION}-input-files.xcfilelist",
			);
			name = "[CP] Embed Pods Frameworks";
			outputFileListPaths = (
				"${PODS_ROOT}/Target Support Files/Pods-FenestramMessanger/Pods-FenestramMessanger-frameworks-${CONFIGURATION}-output-files.xcfilelist",
			);
			runOnlyForDeploymentPostprocessing = 0;
			shellPath = /bin/sh;
			shellScript = "\"${PODS_ROOT}/Target Support Files/Pods-FenestramMessanger/Pods-FenestramMessanger-frameworks.sh\"\n";
			showEnvVarsInLog = 0;
		};
		BDE74B9528801E3100F4A775 /* ShellScript */ = {
			isa = PBXShellScriptBuildPhase;
			buildActionMask = 2147483647;
			files = (
			);
			inputFileListPaths = (
			);
			inputPaths = (
			);
			outputFileListPaths = (
			);
			outputPaths = (
			);
			runOnlyForDeploymentPostprocessing = 0;
			shellPath = /bin/sh;
			shellScript = "# Type a script or drag a script file from your workspace to insert its path.\n\nif [[ -f \"${PODS_ROOT}/SwiftGen/bin/swiftgen\" ]]; then\n  \"${PODS_ROOT}/SwiftGen/bin/swiftgen\"\nelse\n  echo \"warning: SwiftGen is not installed. Run 'pod install --repo-update' to install it.\"\nfi\n";
		};
		EB4284114BD79156C1D61B58 /* [CP] Check Pods Manifest.lock */ = {
			isa = PBXShellScriptBuildPhase;
			buildActionMask = 2147483647;
			files = (
			);
			inputFileListPaths = (
			);
			inputPaths = (
				"${PODS_PODFILE_DIR_PATH}/Podfile.lock",
				"${PODS_ROOT}/Manifest.lock",
			);
			name = "[CP] Check Pods Manifest.lock";
			outputFileListPaths = (
			);
			outputPaths = (
				"$(DERIVED_FILE_DIR)/Pods-FenestramMessanger-checkManifestLockResult.txt",
			);
			runOnlyForDeploymentPostprocessing = 0;
			shellPath = /bin/sh;
			shellScript = "diff \"${PODS_PODFILE_DIR_PATH}/Podfile.lock\" \"${PODS_ROOT}/Manifest.lock\" > /dev/null\nif [ $? != 0 ] ; then\n    # print error to STDERR\n    echo \"error: The sandbox is not in sync with the Podfile.lock. Run 'pod install' or update your CocoaPods installation.\" >&2\n    exit 1\nfi\n# This output is used by Xcode 'outputs' to avoid re-running this script phase.\necho \"SUCCESS\" > \"${SCRIPT_OUTPUT_FILE_0}\"\n";
			showEnvVarsInLog = 0;
		};
/* End PBXShellScriptBuildPhase section */

/* Begin PBXSourcesBuildPhase section */
		BD7783A22872EBB50023032D /* Sources */ = {
			isa = PBXSourcesBuildPhase;
			buildActionMask = 2147483647;
			files = (
				FC177882287591FE00B0D979 /* AccountViewModel.swift in Sources */,
				FC177875287583D000B0D979 /* DatePickerTextField.swift in Sources */,
				BD74D89928806F860004C961 /* AppDelegate.swift in Sources */,
				FC177889287592DB00B0D979 /* TextField+Extensions.swift in Sources */,
				BD785F4328C202640075BC89 /* PhoneBookEntity.swift in Sources */,
				FC17788B2875933200B0D979 /* View+Extensions.swift in Sources */,
				BDA6EAF22881D21600C96047 /* LoadingView.swift in Sources */,
				BD7783AA2872EBB50023032D /* FenestramMessangerApp.swift in Sources */,
				FC1778D828774BA300B0D979 /* CorrespondenceView.swift in Sources */,
				BDE74B9828801E7900F4A775 /* Assets.swift in Sources */,
				BD785F5028C6455E0075BC89 /* FilesRequestRouter.swift in Sources */,
				BD785F5628C64E980075BC89 /* FilesService.swift in Sources */,
				BD980FB7288170B20050F8B4 /* Publishers+Extensions.swift in Sources */,
				FC3A2B43289032ED006E0948 /* MessageStyleView.swift in Sources */,
				FC1778902875A1B900B0D979 /* UIScreen+Extensions.swift in Sources */,
				FC1778D728774BA300B0D979 /* ProfileView.swift in Sources */,
				FCF5A4352878AD2C0028FBD3 /* ContactsViewModel.swift in Sources */,
				FC17787F2875919200B0D979 /* CodeViewModel.swift in Sources */,
				FCF5A43B287DB5170028FBD3 /* OnboardingContainerView.swift in Sources */,
				FC7A57122891991B00ABF7BF /* PageContactViewModel.swift in Sources */,
				BDDB5ADF2872ECBC002BF418 /* MainView.swift in Sources */,
				BD785F5228C6499F0075BC89 /* FilesRequestFactory.swift in Sources */,
				FC13AF45287EE78B00784E35 /* ChatViewModel.swift in Sources */,
				BD081B0828E3167800E3B48D /* LottieView.swift in Sources */,
				FC3A2B522891743E006E0948 /* FileView.swift in Sources */,
				FC13AF42287ECEE100784E35 /* NewContactViewModel.swift in Sources */,
				FC600B2728788E87001CA2BD /* SettingsViewModel.swift in Sources */,
				FC17786E2875837300B0D979 /* AccountView.swift in Sources */,
				FC1778D928774BA300B0D979 /* ContactsView.swift in Sources */,
				FC600B2228787E74001CA2BD /* ProfileViewModel.swift in Sources */,
				FC3A2B4128902DDE006E0948 /* CorrespondenceNavigationView.swift in Sources */,
				BDE74B9928801E7900F4A775 /* Localizable.swift in Sources */,
				FC13AF3D287EC42600784E35 /* NewContactView.swift in Sources */,
				BDB5DAB72888129B0057966B /* BaseResponseEntity.swift in Sources */,
				BD785F4528C203760075BC89 /* ContactsRequestRouter.swift in Sources */,
				FCEE882428743FFD00268971 /* PhoneView.swift in Sources */,
				FCF5A43728798EB70028FBD3 /* ChatView.swift in Sources */,
				FC1778B42876E25C00B0D979 /* Feature.swift in Sources */,
				BDF1F22C28BE2BAB000D8499 /* NewChatViewModel.swift in Sources */,
				BDE74B9B28801F8E00F4A775 /* Asset+Extensions.swift in Sources */,
				FC3A2B5028917348006E0948 /* PhotoEntity.swift in Sources */,
				FC1EA8FF287F3CE10027107E /* SplashScreen.swift in Sources */,
				FC177873287583BA00B0D979 /* ImagePicker.swift in Sources */,
				FC305CC4289AE731001ED651 /* CustomTextField.swift in Sources */,
				FC7A57172891AE5700ABF7BF /* ImagesNavigationView.swift in Sources */,
				FC17787C2875913F00B0D979 /* PhoneViewModel.swift in Sources */,
				FCEE88262874400700268971 /* CodeView.swift in Sources */,
				BDDB5AE12872ECE2002BF418 /* MainViewModel.swift in Sources */,
				BDE74BC4288030DE00F4A775 /* Fonts.swift in Sources */,
				FC7A57152891AE3A00ABF7BF /* ImagesView.swift in Sources */,
				BDF1F22F28BE42FA000D8499 /* NewChatConfirmView.swift in Sources */,
				FC600B2528788E7F001CA2BD /* SettingsView.swift in Sources */,
				BD785F4928C205550075BC89 /* ContactsService.swift in Sources */,
				5752DB0128FCB26800EC3AD4 /* TabbarView.swift in Sources */,
				BDF2E2EA287F26E300B7E182 /* ChatEntity.swift in Sources */,
				BDF2E2D4287F1B1200B7E182 /* RequestFactory.swift in Sources */,
				BD785F5428C64DD60075BC89 /* FileEntity.swift in Sources */,
				BDF2E2D3287F1B1200B7E182 /* AbstractRequestFactory.swift in Sources */,
				BDF2E2E6287F217D00B7E182 /* ChatRequestFactory.swift in Sources */,
				BDF2E2D5287F1B1200B7E182 /* AuthRequestFactory.swift in Sources */,
				BDF2E2D1287F1B1200B7E182 /* ProfileRequestRouter.swift in Sources */,
				FC3A2B57289174EF006E0948 /* FileNavigationView.swift in Sources */,
				FCD3059A2886A61F00491220 /* File.swift in Sources */,
				BDF2E2DD287F1C0600B7E182 /* ProfileRequestFactory.swift in Sources */,
				BD980FC02881767C0050F8B4 /* SocketIOManager.swift in Sources */,
				BDF2E2D8287F1B1200B7E182 /* KeychainPasswordItem.swift in Sources */,
				BD7783AA2872EBB50023032D /* FenestramMessangerApp.swift in Sources */,
				BDF2E2D2287F1B1200B7E182 /* AuthService.swift in Sources */,
				BDF1F23128BE430C000D8499 /* NewChatConfirmViewModel.swift in Sources */,
				BD785F4B28C2123D0075BC89 /* ContactEntity.swift in Sources */,
				BDF2E2E2287F1CC400B7E182 /* ProfileService.swift in Sources */,
				BDDB5ADF2872ECBC002BF418 /* MainView.swift in Sources */,
				BDF2E2D6287F1B1200B7E182 /* UserEntity.swift in Sources */,
				BDF2E2EF287F29F800B7E182 /* MessageEntity.swift in Sources */,
				FC7A57102891990D00ABF7BF /* PageContactView.swift in Sources */,
				FCD305A2288968FD00491220 /* AlertView.swift in Sources */,
				FC3A2B552891747C006E0948 /* FileViewModel.swift in Sources */,
				BDF2E2D9287F1B1200B7E182 /* Settings.swift in Sources */,
				5752DAFF28FCB0DC00EC3AD4 /* UINavigationController+Extensions.swift in Sources */,
				BDF2E2E4287F207000B7E182 /* ChatRequestRouter.swift in Sources */,
				BDF2E2E8287F225F00B7E182 /* ChatService.swift in Sources */,
				BDF2E2ED287F286A00B7E182 /* Date+Extensions.swift in Sources */,
				BD980FB528816F940050F8B4 /* UIApplication+Extensions.swift in Sources */,
				FCD305A02886E68400491220 /* CorrespondenceViewModel.swift in Sources */,
				BDF2E2CF287F1B1200B7E182 /* AbstractRequestRouter.swift in Sources */,
				BD980FB9288170CC0050F8B4 /* Notification+Extensions.swift in Sources */,
				BDF2E2DA287F1B1200B7E182 /* AuthController.swift in Sources */,
				BDF2E2D7287F1B1200B7E182 /* Constants.swift in Sources */,
				BDF1F22A28BE2B9F000D8499 /* NewChatView.swift in Sources */,
				BDF2E2DB287F1B1200B7E182 /* NetworkError.swift in Sources */,
				BDF1F22528BCCFFC000D8499 /* Weak.swift in Sources */,
				BDDB5AE12872ECE2002BF418 /* MainViewModel.swift in Sources */,
				BD0D3AE128C8C333004096A1 /* MFMessageComposeView.swift in Sources */,
				BDF2E2D0287F1B1200B7E182 /* AuthRequestRouter.swift in Sources */,
				BD785F4728C204F60075BC89 /* ContactsRequestFactory.swift in Sources */,
			);
			runOnlyForDeploymentPostprocessing = 0;
		};
/* End PBXSourcesBuildPhase section */

/* Begin PBXVariantGroup section */
		BDE74B9328801D9000F4A775 /* Localizable.strings */ = {
			isa = PBXVariantGroup;
			children = (
				BDE74B9228801D9000F4A775 /* en */,
				BDE74B9428801DA900F4A775 /* ru */,
			);
			name = Localizable.strings;
			sourceTree = "<group>";
		};
/* End PBXVariantGroup section */

/* Begin XCBuildConfiguration section */
		BD7783B22872EBB70023032D /* Debug */ = {
			isa = XCBuildConfiguration;
			buildSettings = {
				ALWAYS_SEARCH_USER_PATHS = NO;
				CLANG_ANALYZER_LOCALIZABILITY_NONLOCALIZED = YES;
				CLANG_ANALYZER_NONNULL = YES;
				CLANG_ANALYZER_NUMBER_OBJECT_CONVERSION = YES_AGGRESSIVE;
				CLANG_CXX_LANGUAGE_STANDARD = "gnu++17";
				CLANG_ENABLE_MODULES = YES;
				CLANG_ENABLE_OBJC_ARC = YES;
				CLANG_ENABLE_OBJC_WEAK = YES;
				CLANG_WARN_BLOCK_CAPTURE_AUTORELEASING = YES;
				CLANG_WARN_BOOL_CONVERSION = YES;
				CLANG_WARN_COMMA = YES;
				CLANG_WARN_CONSTANT_CONVERSION = YES;
				CLANG_WARN_DEPRECATED_OBJC_IMPLEMENTATIONS = YES;
				CLANG_WARN_DIRECT_OBJC_ISA_USAGE = YES_ERROR;
				CLANG_WARN_DOCUMENTATION_COMMENTS = YES;
				CLANG_WARN_EMPTY_BODY = YES;
				CLANG_WARN_ENUM_CONVERSION = YES;
				CLANG_WARN_INFINITE_RECURSION = YES;
				CLANG_WARN_INT_CONVERSION = YES;
				CLANG_WARN_NON_LITERAL_NULL_CONVERSION = YES;
				CLANG_WARN_OBJC_IMPLICIT_RETAIN_SELF = YES;
				CLANG_WARN_OBJC_LITERAL_CONVERSION = YES;
				CLANG_WARN_OBJC_ROOT_CLASS = YES_ERROR;
				CLANG_WARN_QUOTED_INCLUDE_IN_FRAMEWORK_HEADER = YES;
				CLANG_WARN_RANGE_LOOP_ANALYSIS = YES;
				CLANG_WARN_STRICT_PROTOTYPES = YES;
				CLANG_WARN_SUSPICIOUS_MOVE = YES;
				CLANG_WARN_UNGUARDED_AVAILABILITY = YES_AGGRESSIVE;
				CLANG_WARN_UNREACHABLE_CODE = YES;
				CLANG_WARN__DUPLICATE_METHOD_MATCH = YES;
				COPY_PHASE_STRIP = NO;
				DEBUG_INFORMATION_FORMAT = dwarf;
				ENABLE_STRICT_OBJC_MSGSEND = YES;
				ENABLE_TESTABILITY = YES;
				GCC_C_LANGUAGE_STANDARD = gnu11;
				GCC_DYNAMIC_NO_PIC = NO;
				GCC_NO_COMMON_BLOCKS = YES;
				GCC_OPTIMIZATION_LEVEL = 0;
				GCC_PREPROCESSOR_DEFINITIONS = (
					"DEBUG=1",
					"$(inherited)",
				);
				GCC_WARN_64_TO_32_BIT_CONVERSION = YES;
				GCC_WARN_ABOUT_RETURN_TYPE = YES_ERROR;
				GCC_WARN_UNDECLARED_SELECTOR = YES;
				GCC_WARN_UNINITIALIZED_AUTOS = YES_AGGRESSIVE;
				GCC_WARN_UNUSED_FUNCTION = YES;
				GCC_WARN_UNUSED_VARIABLE = YES;
				IPHONEOS_DEPLOYMENT_TARGET = 14.0;
				MTL_ENABLE_DEBUG_INFO = INCLUDE_SOURCE;
				MTL_FAST_MATH = YES;
				ONLY_ACTIVE_ARCH = YES;
				SDKROOT = iphoneos;
				SWIFT_ACTIVE_COMPILATION_CONDITIONS = DEBUG;
				SWIFT_OPTIMIZATION_LEVEL = "-Onone";
			};
			name = Debug;
		};
		BD7783B32872EBB70023032D /* Release */ = {
			isa = XCBuildConfiguration;
			buildSettings = {
				ALWAYS_SEARCH_USER_PATHS = NO;
				CLANG_ANALYZER_LOCALIZABILITY_NONLOCALIZED = YES;
				CLANG_ANALYZER_NONNULL = YES;
				CLANG_ANALYZER_NUMBER_OBJECT_CONVERSION = YES_AGGRESSIVE;
				CLANG_CXX_LANGUAGE_STANDARD = "gnu++17";
				CLANG_ENABLE_MODULES = YES;
				CLANG_ENABLE_OBJC_ARC = YES;
				CLANG_ENABLE_OBJC_WEAK = YES;
				CLANG_WARN_BLOCK_CAPTURE_AUTORELEASING = YES;
				CLANG_WARN_BOOL_CONVERSION = YES;
				CLANG_WARN_COMMA = YES;
				CLANG_WARN_CONSTANT_CONVERSION = YES;
				CLANG_WARN_DEPRECATED_OBJC_IMPLEMENTATIONS = YES;
				CLANG_WARN_DIRECT_OBJC_ISA_USAGE = YES_ERROR;
				CLANG_WARN_DOCUMENTATION_COMMENTS = YES;
				CLANG_WARN_EMPTY_BODY = YES;
				CLANG_WARN_ENUM_CONVERSION = YES;
				CLANG_WARN_INFINITE_RECURSION = YES;
				CLANG_WARN_INT_CONVERSION = YES;
				CLANG_WARN_NON_LITERAL_NULL_CONVERSION = YES;
				CLANG_WARN_OBJC_IMPLICIT_RETAIN_SELF = YES;
				CLANG_WARN_OBJC_LITERAL_CONVERSION = YES;
				CLANG_WARN_OBJC_ROOT_CLASS = YES_ERROR;
				CLANG_WARN_QUOTED_INCLUDE_IN_FRAMEWORK_HEADER = YES;
				CLANG_WARN_RANGE_LOOP_ANALYSIS = YES;
				CLANG_WARN_STRICT_PROTOTYPES = YES;
				CLANG_WARN_SUSPICIOUS_MOVE = YES;
				CLANG_WARN_UNGUARDED_AVAILABILITY = YES_AGGRESSIVE;
				CLANG_WARN_UNREACHABLE_CODE = YES;
				CLANG_WARN__DUPLICATE_METHOD_MATCH = YES;
				COPY_PHASE_STRIP = NO;
				DEBUG_INFORMATION_FORMAT = "dwarf-with-dsym";
				ENABLE_NS_ASSERTIONS = NO;
				ENABLE_STRICT_OBJC_MSGSEND = YES;
				GCC_C_LANGUAGE_STANDARD = gnu11;
				GCC_NO_COMMON_BLOCKS = YES;
				GCC_WARN_64_TO_32_BIT_CONVERSION = YES;
				GCC_WARN_ABOUT_RETURN_TYPE = YES_ERROR;
				GCC_WARN_UNDECLARED_SELECTOR = YES;
				GCC_WARN_UNINITIALIZED_AUTOS = YES_AGGRESSIVE;
				GCC_WARN_UNUSED_FUNCTION = YES;
				GCC_WARN_UNUSED_VARIABLE = YES;
				IPHONEOS_DEPLOYMENT_TARGET = 14.0;
				MTL_ENABLE_DEBUG_INFO = NO;
				MTL_FAST_MATH = YES;
				SDKROOT = iphoneos;
				SWIFT_COMPILATION_MODE = wholemodule;
				SWIFT_OPTIMIZATION_LEVEL = "-O";
				VALIDATE_PRODUCT = YES;
			};
			name = Release;
		};
		BD7783B52872EBB70023032D /* Debug */ = {
			isa = XCBuildConfiguration;
			baseConfigurationReference = 1734F72B5ABD583B612C09E0 /* Pods-FenestramMessanger.debug.xcconfig */;
			buildSettings = {
				ASSETCATALOG_COMPILER_APPICON_NAME = AppIcon;
				ASSETCATALOG_COMPILER_GLOBAL_ACCENT_COLOR_NAME = AccentColor;
				CODE_SIGN_ENTITLEMENTS = FenestramMessanger/FenestramMessanger.entitlements;
				CODE_SIGN_STYLE = Automatic;
				CURRENT_PROJECT_VERSION = 1;
				DEVELOPMENT_ASSET_PATHS = "\"FenestramMessanger/Preview Content\"";
				DEVELOPMENT_TEAM = 829NTVC59C;
				ENABLE_PREVIEWS = YES;
				GENERATE_INFOPLIST_FILE = YES;
				INFOPLIST_FILE = FenestramMessanger/Info.plist;
				INFOPLIST_KEY_CFBundleDisplayName = Hoolichat;
				INFOPLIST_KEY_NSCameraUsageDescription = "Пожалуйста предоставьте доступ к камере телефона";
				INFOPLIST_KEY_NSContactsUsageDescription = "Пожалуйста, предоставьте доступ к вашему списку контактов, чтобы мы могли найти их в нашем приложении";
				INFOPLIST_KEY_UIApplicationSceneManifest_Generation = YES;
				INFOPLIST_KEY_UIApplicationSupportsIndirectInputEvents = YES;
				INFOPLIST_KEY_UILaunchScreen_Generation = YES;
				INFOPLIST_KEY_UISupportedInterfaceOrientations_iPad = "UIInterfaceOrientationPortrait UIInterfaceOrientationPortraitUpsideDown UIInterfaceOrientationLandscapeLeft UIInterfaceOrientationLandscapeRight";
				INFOPLIST_KEY_UISupportedInterfaceOrientations_iPhone = "UIInterfaceOrientationPortrait UIInterfaceOrientationPortrait UIInterfaceOrientationPortrait";
				INFOPLIST_KEY_UIUserInterfaceStyle = Light;
				IPHONEOS_DEPLOYMENT_TARGET = 14.0;
				LD_RUNPATH_SEARCH_PATHS = (
					"$(inherited)",
					"@executable_path/Frameworks",
				);
				MARKETING_VERSION = 1.0;
				PRODUCT_BUNDLE_IDENTIFIER = io.fasthome.FenestramMessanger;
				PRODUCT_NAME = "$(TARGET_NAME)";
				SWIFT_EMIT_LOC_STRINGS = YES;
				SWIFT_VERSION = 5.0;
				TARGETED_DEVICE_FAMILY = "1,2";
			};
			name = Debug;
		};
		BD7783B62872EBB70023032D /* Release */ = {
			isa = XCBuildConfiguration;
			baseConfigurationReference = 0B943E235FBEAE9164E84F34 /* Pods-FenestramMessanger.release.xcconfig */;
			buildSettings = {
				ASSETCATALOG_COMPILER_APPICON_NAME = AppIcon;
				ASSETCATALOG_COMPILER_GLOBAL_ACCENT_COLOR_NAME = AccentColor;
				CODE_SIGN_ENTITLEMENTS = FenestramMessanger/FenestramMessanger.entitlements;
				CODE_SIGN_STYLE = Automatic;
				CURRENT_PROJECT_VERSION = 1;
				DEVELOPMENT_ASSET_PATHS = "\"FenestramMessanger/Preview Content\"";
				DEVELOPMENT_TEAM = 829NTVC59C;
				ENABLE_PREVIEWS = YES;
				GENERATE_INFOPLIST_FILE = YES;
				INFOPLIST_FILE = FenestramMessanger/Info.plist;
				INFOPLIST_KEY_CFBundleDisplayName = Hoolichat;
				INFOPLIST_KEY_NSCameraUsageDescription = "Пожалуйста предоставьте доступ к камере телефона";
				INFOPLIST_KEY_NSContactsUsageDescription = "Пожалуйста, предоставьте доступ к вашему списку контактов, чтобы мы могли найти их в нашем приложении";
				INFOPLIST_KEY_UIApplicationSceneManifest_Generation = YES;
				INFOPLIST_KEY_UIApplicationSupportsIndirectInputEvents = YES;
				INFOPLIST_KEY_UILaunchScreen_Generation = YES;
				INFOPLIST_KEY_UISupportedInterfaceOrientations_iPad = "UIInterfaceOrientationPortrait UIInterfaceOrientationPortraitUpsideDown UIInterfaceOrientationLandscapeLeft UIInterfaceOrientationLandscapeRight";
				INFOPLIST_KEY_UISupportedInterfaceOrientations_iPhone = "UIInterfaceOrientationPortrait UIInterfaceOrientationPortrait UIInterfaceOrientationPortrait";
				INFOPLIST_KEY_UIUserInterfaceStyle = Light;
				IPHONEOS_DEPLOYMENT_TARGET = 14.0;
				LD_RUNPATH_SEARCH_PATHS = (
					"$(inherited)",
					"@executable_path/Frameworks",
				);
				MARKETING_VERSION = 1.0;
				PRODUCT_BUNDLE_IDENTIFIER = io.fasthome.FenestramMessanger;
				PRODUCT_NAME = "$(TARGET_NAME)";
				SWIFT_EMIT_LOC_STRINGS = YES;
				SWIFT_VERSION = 5.0;
				TARGETED_DEVICE_FAMILY = "1,2";
			};
			name = Release;
		};
/* End XCBuildConfiguration section */

/* Begin XCConfigurationList section */
		BD7783A12872EBB50023032D /* Build configuration list for PBXProject "FenestramMessanger" */ = {
			isa = XCConfigurationList;
			buildConfigurations = (
				BD7783B22872EBB70023032D /* Debug */,
				BD7783B32872EBB70023032D /* Release */,
			);
			defaultConfigurationIsVisible = 0;
			defaultConfigurationName = Release;
		};
		BD7783B42872EBB70023032D /* Build configuration list for PBXNativeTarget "FenestramMessanger" */ = {
			isa = XCConfigurationList;
			buildConfigurations = (
				BD7783B52872EBB70023032D /* Debug */,
				BD7783B62872EBB70023032D /* Release */,
			);
			defaultConfigurationIsVisible = 0;
			defaultConfigurationName = Release;
		};
/* End XCConfigurationList section */

/* Begin XCRemoteSwiftPackageReference section */
		BD081B0428E3163200E3B48D /* XCRemoteSwiftPackageReference "lottie-ios" */ = {
			isa = XCRemoteSwiftPackageReference;
			repositoryURL = "https://github.com/airbnb/lottie-ios";
			requirement = {
				kind = exactVersion;
				version = 3.4.3;
			};
		};
		BD0D3ADA28C767E4004096A1 /* XCRemoteSwiftPackageReference "iPhoneNumberField" */ = {
			isa = XCRemoteSwiftPackageReference;
			repositoryURL = "https://github.com/MojtabaHs/iPhoneNumberField";
			requirement = {
				kind = exactVersion;
				version = 0.10.0;
			};
		};
		BD0D3ADD28C8B07D004096A1 /* XCRemoteSwiftPackageReference "AlertToast" */ = {
			isa = XCRemoteSwiftPackageReference;
			repositoryURL = "https://github.com/elai950/AlertToast";
			requirement = {
				kind = exactVersion;
				version = 1.3.7;
			};
		};
		BD785F4C28C61D080075BC89 /* XCRemoteSwiftPackageReference "Kingfisher" */ = {
			isa = XCRemoteSwiftPackageReference;
			repositoryURL = "https://github.com/onevcat/Kingfisher";
			requirement = {
				kind = exactVersion;
				version = 7.3.2;
			};
		};
		BD980FBB288176280050F8B4 /* XCRemoteSwiftPackageReference "socket" */ = {
			isa = XCRemoteSwiftPackageReference;
			repositoryURL = "https://github.com/socketio/socket.io-client-swift";
			requirement = {
				kind = exactVersion;
				version = 16.0.1;
			};
		};
		BDF2E2DE287F1C1C00B7E182 /* XCRemoteSwiftPackageReference "Alamofire" */ = {
			isa = XCRemoteSwiftPackageReference;
			repositoryURL = "https://github.com/Alamofire/Alamofire.git";
			requirement = {
				kind = exactVersion;
				version = 5.6.1;
			};
		};
		FC17786A2875831700B0D979 /* XCRemoteSwiftPackageReference "SwiftUI-Introspect" */ = {
			isa = XCRemoteSwiftPackageReference;
			repositoryURL = "https://github.com/siteline/SwiftUI-Introspect.git";
			requirement = {
				kind = exactVersion;
				version = 0.1.4;
			};
		};
		FCD3059B2886ADCA00491220 /* XCRemoteSwiftPackageReference "BottomSheet" */ = {
			isa = XCRemoteSwiftPackageReference;
			repositoryURL = "https://github.com/lucaszischka/BottomSheet";
			requirement = {
				kind = exactVersion;
				version = 2.8.0;
			};
		};
/* End XCRemoteSwiftPackageReference section */

/* Begin XCSwiftPackageProductDependency section */
		BD081B0528E3163200E3B48D /* Lottie */ = {
			isa = XCSwiftPackageProductDependency;
			package = BD081B0428E3163200E3B48D /* XCRemoteSwiftPackageReference "lottie-ios" */;
			productName = Lottie;
		};
		BD0D3ADB28C767E4004096A1 /* iPhoneNumberField */ = {
			isa = XCSwiftPackageProductDependency;
			package = BD0D3ADA28C767E4004096A1 /* XCRemoteSwiftPackageReference "iPhoneNumberField" */;
			productName = iPhoneNumberField;
		};
		BD0D3ADE28C8B07E004096A1 /* AlertToast */ = {
			isa = XCSwiftPackageProductDependency;
			package = BD0D3ADD28C8B07D004096A1 /* XCRemoteSwiftPackageReference "AlertToast" */;
			productName = AlertToast;
		};
		BD785F4D28C61D080075BC89 /* Kingfisher */ = {
			isa = XCSwiftPackageProductDependency;
			package = BD785F4C28C61D080075BC89 /* XCRemoteSwiftPackageReference "Kingfisher" */;
			productName = Kingfisher;
		};
		BD980FBC288176280050F8B4 /* SocketIO */ = {
			isa = XCSwiftPackageProductDependency;
			package = BD980FBB288176280050F8B4 /* XCRemoteSwiftPackageReference "socket" */;
			productName = SocketIO;
		};
		BDF2E2DF287F1C1C00B7E182 /* Alamofire */ = {
			isa = XCSwiftPackageProductDependency;
			package = BDF2E2DE287F1C1C00B7E182 /* XCRemoteSwiftPackageReference "Alamofire" */;
			productName = Alamofire;
		};
		FC17786B2875831700B0D979 /* Introspect */ = {
			isa = XCSwiftPackageProductDependency;
			package = FC17786A2875831700B0D979 /* XCRemoteSwiftPackageReference "SwiftUI-Introspect" */;
			productName = Introspect;
		};
		FCD3059C2886ADCB00491220 /* BottomSheet */ = {
			isa = XCSwiftPackageProductDependency;
			package = FCD3059B2886ADCA00491220 /* XCRemoteSwiftPackageReference "BottomSheet" */;
			productName = BottomSheet;
		};
/* End XCSwiftPackageProductDependency section */
	};
	rootObject = BD77839E2872EBB50023032D /* Project object */;
}
